// !$*UTF8*$!
{
	archiveVersion = 1;
	classes = {
	};
	objectVersion = 56;
	objects = {

/* Begin PBXBuildFile section */
		58102EED2A44FC1F00C52BD4 /* OwnGptApp.swift in Sources */ = {isa = PBXBuildFile; fileRef = 58102EEC2A44FC1F00C52BD4 /* OwnGptApp.swift */; };
		58102EEF2A44FC1F00C52BD4 /* ContentViewTesting.swift in Sources */ = {isa = PBXBuildFile; fileRef = 58102EEE2A44FC1F00C52BD4 /* ContentViewTesting.swift */; };
		58102EF12A44FC2000C52BD4 /* Assets.xcassets in Resources */ = {isa = PBXBuildFile; fileRef = 58102EF02A44FC2000C52BD4 /* Assets.xcassets */; };
		58102EF42A44FC2000C52BD4 /* Preview Assets.xcassets in Resources */ = {isa = PBXBuildFile; fileRef = 58102EF32A44FC2000C52BD4 /* Preview Assets.xcassets */; };
		58102EFE2A44FC2000C52BD4 /* OwnGptTests.swift in Sources */ = {isa = PBXBuildFile; fileRef = 58102EFD2A44FC2000C52BD4 /* OwnGptTests.swift */; };
		58102F082A44FC2000C52BD4 /* OwnGptUITests.swift in Sources */ = {isa = PBXBuildFile; fileRef = 58102F072A44FC2000C52BD4 /* OwnGptUITests.swift */; };
		58102F0A2A44FC2000C52BD4 /* OwnGptUITestsLaunchTests.swift in Sources */ = {isa = PBXBuildFile; fileRef = 58102F092A44FC2000C52BD4 /* OwnGptUITestsLaunchTests.swift */; };
		58102F172A44FC7500C52BD4 /* ChatGPTAPI.swift in Sources */ = {isa = PBXBuildFile; fileRef = 58102F162A44FC7500C52BD4 /* ChatGPTAPI.swift */; };
		58450A952A67CF11005BD1E4 /* ChatRowView.swift in Sources */ = {isa = PBXBuildFile; fileRef = 58450A942A67CF11005BD1E4 /* ChatRowView.swift */; };
		58450A972A687562005BD1E4 /* OvalTextFieldStyle.swift in Sources */ = {isa = PBXBuildFile; fileRef = 58450A962A687562005BD1E4 /* OvalTextFieldStyle.swift */; };
		5884DDE72A6756D4009115D4 /* Constants.swift in Sources */ = {isa = PBXBuildFile; fileRef = 5884DDE62A6756D4009115D4 /* Constants.swift */; };
		5884DDE92A676C29009115D4 /* OwnGPTAPIModels.swift in Sources */ = {isa = PBXBuildFile; fileRef = 5884DDE82A676C29009115D4 /* OwnGPTAPIModels.swift */; };
		5884DDEB2A679BC7009115D4 /* ChatScreenView.swift in Sources */ = {isa = PBXBuildFile; fileRef = 5884DDEA2A679BC7009115D4 /* ChatScreenView.swift */; };
		5884DDED2A67A151009115D4 /* ChatViewModel.swift in Sources */ = {isa = PBXBuildFile; fileRef = 5884DDEC2A67A151009115D4 /* ChatViewModel.swift */; };
		5884DDF12A67A258009115D4 /* ChatRow.swift in Sources */ = {isa = PBXBuildFile; fileRef = 5884DDF02A67A258009115D4 /* ChatRow.swift */; };
		5884DDF32A67AB73009115D4 /* DotView.swift in Sources */ = {isa = PBXBuildFile; fileRef = 5884DDF22A67AB73009115D4 /* DotView.swift */; };
		5884DDF52A67ACBF009115D4 /* DotLoadingView.swift in Sources */ = {isa = PBXBuildFile; fileRef = 5884DDF42A67ACBF009115D4 /* DotLoadingView.swift */; };
/* End PBXBuildFile section */

/* Begin PBXContainerItemProxy section */
		58102EFA2A44FC2000C52BD4 /* PBXContainerItemProxy */ = {
			isa = PBXContainerItemProxy;
			containerPortal = 58102EE12A44FC1F00C52BD4 /* Project object */;
			proxyType = 1;
			remoteGlobalIDString = 58102EE82A44FC1F00C52BD4;
			remoteInfo = OwnGpt;
		};
		58102F042A44FC2000C52BD4 /* PBXContainerItemProxy */ = {
			isa = PBXContainerItemProxy;
			containerPortal = 58102EE12A44FC1F00C52BD4 /* Project object */;
			proxyType = 1;
			remoteGlobalIDString = 58102EE82A44FC1F00C52BD4;
			remoteInfo = OwnGpt;
		};
/* End PBXContainerItemProxy section */

/* Begin PBXFileReference section */
		58102EE92A44FC1F00C52BD4 /* OwnGpt.app */ = {isa = PBXFileReference; explicitFileType = wrapper.application; includeInIndex = 0; path = OwnGpt.app; sourceTree = BUILT_PRODUCTS_DIR; };
		58102EEC2A44FC1F00C52BD4 /* OwnGptApp.swift */ = {isa = PBXFileReference; lastKnownFileType = sourcecode.swift; path = OwnGptApp.swift; sourceTree = "<group>"; };
		58102EEE2A44FC1F00C52BD4 /* ContentViewTesting.swift */ = {isa = PBXFileReference; lastKnownFileType = sourcecode.swift; path = ContentViewTesting.swift; sourceTree = "<group>"; };
		58102EF02A44FC2000C52BD4 /* Assets.xcassets */ = {isa = PBXFileReference; lastKnownFileType = folder.assetcatalog; path = Assets.xcassets; sourceTree = "<group>"; };
		58102EF32A44FC2000C52BD4 /* Preview Assets.xcassets */ = {isa = PBXFileReference; lastKnownFileType = folder.assetcatalog; path = "Preview Assets.xcassets"; sourceTree = "<group>"; };
		58102EF92A44FC2000C52BD4 /* OwnGptTests.xctest */ = {isa = PBXFileReference; explicitFileType = wrapper.cfbundle; includeInIndex = 0; path = OwnGptTests.xctest; sourceTree = BUILT_PRODUCTS_DIR; };
		58102EFD2A44FC2000C52BD4 /* OwnGptTests.swift */ = {isa = PBXFileReference; lastKnownFileType = sourcecode.swift; path = OwnGptTests.swift; sourceTree = "<group>"; };
		58102F032A44FC2000C52BD4 /* OwnGptUITests.xctest */ = {isa = PBXFileReference; explicitFileType = wrapper.cfbundle; includeInIndex = 0; path = OwnGptUITests.xctest; sourceTree = BUILT_PRODUCTS_DIR; };
		58102F072A44FC2000C52BD4 /* OwnGptUITests.swift */ = {isa = PBXFileReference; lastKnownFileType = sourcecode.swift; path = OwnGptUITests.swift; sourceTree = "<group>"; };
		58102F092A44FC2000C52BD4 /* OwnGptUITestsLaunchTests.swift */ = {isa = PBXFileReference; lastKnownFileType = sourcecode.swift; path = OwnGptUITestsLaunchTests.swift; sourceTree = "<group>"; };
		58102F162A44FC7500C52BD4 /* ChatGPTAPI.swift */ = {isa = PBXFileReference; lastKnownFileType = sourcecode.swift; path = ChatGPTAPI.swift; sourceTree = "<group>"; };
		58450A942A67CF11005BD1E4 /* ChatRowView.swift */ = {isa = PBXFileReference; lastKnownFileType = sourcecode.swift; path = ChatRowView.swift; sourceTree = "<group>"; };
		58450A962A687562005BD1E4 /* OvalTextFieldStyle.swift */ = {isa = PBXFileReference; lastKnownFileType = sourcecode.swift; path = OvalTextFieldStyle.swift; sourceTree = "<group>"; };
		5884DDE62A6756D4009115D4 /* Constants.swift */ = {isa = PBXFileReference; lastKnownFileType = sourcecode.swift; path = Constants.swift; sourceTree = "<group>"; };
		5884DDE82A676C29009115D4 /* OwnGPTAPIModels.swift */ = {isa = PBXFileReference; lastKnownFileType = sourcecode.swift; path = OwnGPTAPIModels.swift; sourceTree = "<group>"; };
		5884DDEA2A679BC7009115D4 /* ChatScreenView.swift */ = {isa = PBXFileReference; lastKnownFileType = sourcecode.swift; path = ChatScreenView.swift; sourceTree = "<group>"; };
		5884DDEC2A67A151009115D4 /* ChatViewModel.swift */ = {isa = PBXFileReference; lastKnownFileType = sourcecode.swift; path = ChatViewModel.swift; sourceTree = "<group>"; };
		5884DDF02A67A258009115D4 /* ChatRow.swift */ = {isa = PBXFileReference; lastKnownFileType = sourcecode.swift; path = ChatRow.swift; sourceTree = "<group>"; };
		5884DDF22A67AB73009115D4 /* DotView.swift */ = {isa = PBXFileReference; lastKnownFileType = sourcecode.swift; path = DotView.swift; sourceTree = "<group>"; };
		5884DDF42A67ACBF009115D4 /* DotLoadingView.swift */ = {isa = PBXFileReference; lastKnownFileType = sourcecode.swift; path = DotLoadingView.swift; sourceTree = "<group>"; };
/* End PBXFileReference section */

/* Begin PBXFrameworksBuildPhase section */
		58102EE62A44FC1F00C52BD4 /* Frameworks */ = {
			isa = PBXFrameworksBuildPhase;
			buildActionMask = 2147483647;
			files = (
			);
			runOnlyForDeploymentPostprocessing = 0;
		};
		58102EF62A44FC2000C52BD4 /* Frameworks */ = {
			isa = PBXFrameworksBuildPhase;
			buildActionMask = 2147483647;
			files = (
			);
			runOnlyForDeploymentPostprocessing = 0;
		};
		58102F002A44FC2000C52BD4 /* Frameworks */ = {
			isa = PBXFrameworksBuildPhase;
			buildActionMask = 2147483647;
			files = (
			);
			runOnlyForDeploymentPostprocessing = 0;
		};
/* End PBXFrameworksBuildPhase section */

/* Begin PBXGroup section */
		58102EE02A44FC1F00C52BD4 = {
			isa = PBXGroup;
			children = (
				58450A932A67CED9005BD1E4 /* Helpers */,
				58102EEB2A44FC1F00C52BD4 /* OwnGpt */,
				58102EFC2A44FC2000C52BD4 /* OwnGptTests */,
				58102F062A44FC2000C52BD4 /* OwnGptUITests */,
				58102EEA2A44FC1F00C52BD4 /* Products */,
			);
			sourceTree = "<group>";
		};
		58102EEA2A44FC1F00C52BD4 /* Products */ = {
			isa = PBXGroup;
			children = (
				58102EE92A44FC1F00C52BD4 /* OwnGpt.app */,
				58102EF92A44FC2000C52BD4 /* OwnGptTests.xctest */,
				58102F032A44FC2000C52BD4 /* OwnGptUITests.xctest */,
			);
			name = Products;
			sourceTree = "<group>";
		};
		58102EEB2A44FC1F00C52BD4 /* OwnGpt */ = {
			isa = PBXGroup;
			children = (
				58102EEC2A44FC1F00C52BD4 /* OwnGptApp.swift */,
				58102F162A44FC7500C52BD4 /* ChatGPTAPI.swift */,
				5884DDE82A676C29009115D4 /* OwnGPTAPIModels.swift */,
				5884DDEA2A679BC7009115D4 /* ChatScreenView.swift */,
				5884DDEC2A67A151009115D4 /* ChatViewModel.swift */,
				5884DDF02A67A258009115D4 /* ChatRow.swift */,
				58450A942A67CF11005BD1E4 /* ChatRowView.swift */,
				58102EF02A44FC2000C52BD4 /* Assets.xcassets */,
				58102EEE2A44FC1F00C52BD4 /* ContentViewTesting.swift */,
				58102EF22A44FC2000C52BD4 /* Preview Content */,
			);
			path = OwnGpt;
			sourceTree = "<group>";
		};
		58102EF22A44FC2000C52BD4 /* Preview Content */ = {
			isa = PBXGroup;
			children = (
				58102EF32A44FC2000C52BD4 /* Preview Assets.xcassets */,
			);
			path = "Preview Content";
			sourceTree = "<group>";
		};
		58102EFC2A44FC2000C52BD4 /* OwnGptTests */ = {
			isa = PBXGroup;
			children = (
				58102EFD2A44FC2000C52BD4 /* OwnGptTests.swift */,
			);
			path = OwnGptTests;
			sourceTree = "<group>";
		};
		58102F062A44FC2000C52BD4 /* OwnGptUITests */ = {
			isa = PBXGroup;
			children = (
				58102F072A44FC2000C52BD4 /* OwnGptUITests.swift */,
				58102F092A44FC2000C52BD4 /* OwnGptUITestsLaunchTests.swift */,
			);
			path = OwnGptUITests;
			sourceTree = "<group>";
		};
		58450A932A67CED9005BD1E4 /* Helpers */ = {
			isa = PBXGroup;
			children = (
				5884DDF22A67AB73009115D4 /* DotView.swift */,
				5884DDF42A67ACBF009115D4 /* DotLoadingView.swift */,
				5884DDE62A6756D4009115D4 /* Constants.swift */,
				58450A962A687562005BD1E4 /* OvalTextFieldStyle.swift */,
			);
			path = Helpers;
			sourceTree = "<group>";
		};
/* End PBXGroup section */

/* Begin PBXNativeTarget section */
		58102EE82A44FC1F00C52BD4 /* OwnGpt */ = {
			isa = PBXNativeTarget;
			buildConfigurationList = 58102F0D2A44FC2000C52BD4 /* Build configuration list for PBXNativeTarget "OwnGpt" */;
			buildPhases = (
				58102EE52A44FC1F00C52BD4 /* Sources */,
				58102EE62A44FC1F00C52BD4 /* Frameworks */,
				58102EE72A44FC1F00C52BD4 /* Resources */,
			);
			buildRules = (
			);
			dependencies = (
			);
			name = OwnGpt;
			productName = OwnGpt;
			productReference = 58102EE92A44FC1F00C52BD4 /* OwnGpt.app */;
			productType = "com.apple.product-type.application";
		};
		58102EF82A44FC2000C52BD4 /* OwnGptTests */ = {
			isa = PBXNativeTarget;
			buildConfigurationList = 58102F102A44FC2000C52BD4 /* Build configuration list for PBXNativeTarget "OwnGptTests" */;
			buildPhases = (
				58102EF52A44FC2000C52BD4 /* Sources */,
				58102EF62A44FC2000C52BD4 /* Frameworks */,
				58102EF72A44FC2000C52BD4 /* Resources */,
			);
			buildRules = (
			);
			dependencies = (
				58102EFB2A44FC2000C52BD4 /* PBXTargetDependency */,
			);
			name = OwnGptTests;
			productName = OwnGptTests;
			productReference = 58102EF92A44FC2000C52BD4 /* OwnGptTests.xctest */;
			productType = "com.apple.product-type.bundle.unit-test";
		};
		58102F022A44FC2000C52BD4 /* OwnGptUITests */ = {
			isa = PBXNativeTarget;
			buildConfigurationList = 58102F132A44FC2000C52BD4 /* Build configuration list for PBXNativeTarget "OwnGptUITests" */;
			buildPhases = (
				58102EFF2A44FC2000C52BD4 /* Sources */,
				58102F002A44FC2000C52BD4 /* Frameworks */,
				58102F012A44FC2000C52BD4 /* Resources */,
			);
			buildRules = (
			);
			dependencies = (
				58102F052A44FC2000C52BD4 /* PBXTargetDependency */,
			);
			name = OwnGptUITests;
			productName = OwnGptUITests;
			productReference = 58102F032A44FC2000C52BD4 /* OwnGptUITests.xctest */;
			productType = "com.apple.product-type.bundle.ui-testing";
		};
/* End PBXNativeTarget section */

/* Begin PBXProject section */
		58102EE12A44FC1F00C52BD4 /* Project object */ = {
			isa = PBXProject;
			attributes = {
				BuildIndependentTargetsInParallel = 1;
				LastSwiftUpdateCheck = 1500;
				LastUpgradeCheck = 1500;
				TargetAttributes = {
					58102EE82A44FC1F00C52BD4 = {
						CreatedOnToolsVersion = 15.0;
					};
					58102EF82A44FC2000C52BD4 = {
						CreatedOnToolsVersion = 15.0;
						TestTargetID = 58102EE82A44FC1F00C52BD4;
					};
					58102F022A44FC2000C52BD4 = {
						CreatedOnToolsVersion = 15.0;
						TestTargetID = 58102EE82A44FC1F00C52BD4;
					};
				};
			};
			buildConfigurationList = 58102EE42A44FC1F00C52BD4 /* Build configuration list for PBXProject "OwnGpt" */;
			compatibilityVersion = "Xcode 14.0";
			developmentRegion = en;
			hasScannedForEncodings = 0;
			knownRegions = (
				en,
				Base,
			);
			mainGroup = 58102EE02A44FC1F00C52BD4;
			productRefGroup = 58102EEA2A44FC1F00C52BD4 /* Products */;
			projectDirPath = "";
			projectRoot = "";
			targets = (
				58102EE82A44FC1F00C52BD4 /* OwnGpt */,
				58102EF82A44FC2000C52BD4 /* OwnGptTests */,
				58102F022A44FC2000C52BD4 /* OwnGptUITests */,
			);
		};
/* End PBXProject section */

/* Begin PBXResourcesBuildPhase section */
		58102EE72A44FC1F00C52BD4 /* Resources */ = {
			isa = PBXResourcesBuildPhase;
			buildActionMask = 2147483647;
			files = (
				58102EF42A44FC2000C52BD4 /* Preview Assets.xcassets in Resources */,
				58102EF12A44FC2000C52BD4 /* Assets.xcassets in Resources */,
			);
			runOnlyForDeploymentPostprocessing = 0;
		};
		58102EF72A44FC2000C52BD4 /* Resources */ = {
			isa = PBXResourcesBuildPhase;
			buildActionMask = 2147483647;
			files = (
			);
			runOnlyForDeploymentPostprocessing = 0;
		};
		58102F012A44FC2000C52BD4 /* Resources */ = {
			isa = PBXResourcesBuildPhase;
			buildActionMask = 2147483647;
			files = (
			);
			runOnlyForDeploymentPostprocessing = 0;
		};
/* End PBXResourcesBuildPhase section */

/* Begin PBXSourcesBuildPhase section */
		58102EE52A44FC1F00C52BD4 /* Sources */ = {
			isa = PBXSourcesBuildPhase;
			buildActionMask = 2147483647;
			files = (
				5884DDF32A67AB73009115D4 /* DotView.swift in Sources */,
				5884DDF12A67A258009115D4 /* ChatRow.swift in Sources */,
				58102F172A44FC7500C52BD4 /* ChatGPTAPI.swift in Sources */,
				5884DDF52A67ACBF009115D4 /* DotLoadingView.swift in Sources */,
				5884DDED2A67A151009115D4 /* ChatViewModel.swift in Sources */,
				58102EEF2A44FC1F00C52BD4 /* ContentViewTesting.swift in Sources */,
				5884DDEB2A679BC7009115D4 /* ChatScreenView.swift in Sources */,
				58450A952A67CF11005BD1E4 /* ChatRowView.swift in Sources */,
				58102EED2A44FC1F00C52BD4 /* OwnGptApp.swift in Sources */,
				5884DDE92A676C29009115D4 /* OwnGPTAPIModels.swift in Sources */,
				5884DDE72A6756D4009115D4 /* Constants.swift in Sources */,
				58450A972A687562005BD1E4 /* OvalTextFieldStyle.swift in Sources */,
			);
			runOnlyForDeploymentPostprocessing = 0;
		};
		58102EF52A44FC2000C52BD4 /* Sources */ = {
			isa = PBXSourcesBuildPhase;
			buildActionMask = 2147483647;
			files = (
				58102EFE2A44FC2000C52BD4 /* OwnGptTests.swift in Sources */,
			);
			runOnlyForDeploymentPostprocessing = 0;
		};
		58102EFF2A44FC2000C52BD4 /* Sources */ = {
			isa = PBXSourcesBuildPhase;
			buildActionMask = 2147483647;
			files = (
				58102F082A44FC2000C52BD4 /* OwnGptUITests.swift in Sources */,
				58102F0A2A44FC2000C52BD4 /* OwnGptUITestsLaunchTests.swift in Sources */,
			);
			runOnlyForDeploymentPostprocessing = 0;
		};
/* End PBXSourcesBuildPhase section */

/* Begin PBXTargetDependency section */
		58102EFB2A44FC2000C52BD4 /* PBXTargetDependency */ = {
			isa = PBXTargetDependency;
			target = 58102EE82A44FC1F00C52BD4 /* OwnGpt */;
			targetProxy = 58102EFA2A44FC2000C52BD4 /* PBXContainerItemProxy */;
		};
		58102F052A44FC2000C52BD4 /* PBXTargetDependency */ = {
			isa = PBXTargetDependency;
			target = 58102EE82A44FC1F00C52BD4 /* OwnGpt */;
			targetProxy = 58102F042A44FC2000C52BD4 /* PBXContainerItemProxy */;
		};
/* End PBXTargetDependency section */

/* Begin XCBuildConfiguration section */
		58102F0B2A44FC2000C52BD4 /* Debug */ = {
			isa = XCBuildConfiguration;
			buildSettings = {
				ALWAYS_SEARCH_USER_PATHS = NO;
				ASSETCATALOG_COMPILER_GENERATE_SWIFT_ASSET_SYMBOL_EXTENSIONS = YES;
				CLANG_ANALYZER_NONNULL = YES;
				CLANG_ANALYZER_NUMBER_OBJECT_CONVERSION = YES_AGGRESSIVE;
				CLANG_CXX_LANGUAGE_STANDARD = "gnu++20";
				CLANG_ENABLE_MODULES = YES;
				CLANG_ENABLE_OBJC_ARC = YES;
				CLANG_ENABLE_OBJC_WEAK = YES;
				CLANG_WARN_BLOCK_CAPTURE_AUTORELEASING = YES;
				CLANG_WARN_BOOL_CONVERSION = YES;
				CLANG_WARN_COMMA = YES;
				CLANG_WARN_CONSTANT_CONVERSION = YES;
				CLANG_WARN_DEPRECATED_OBJC_IMPLEMENTATIONS = YES;
				CLANG_WARN_DIRECT_OBJC_ISA_USAGE = YES_ERROR;
				CLANG_WARN_DOCUMENTATION_COMMENTS = YES;
				CLANG_WARN_EMPTY_BODY = YES;
				CLANG_WARN_ENUM_CONVERSION = YES;
				CLANG_WARN_INFINITE_RECURSION = YES;
				CLANG_WARN_INT_CONVERSION = YES;
				CLANG_WARN_NON_LITERAL_NULL_CONVERSION = YES;
				CLANG_WARN_OBJC_IMPLICIT_RETAIN_SELF = YES;
				CLANG_WARN_OBJC_LITERAL_CONVERSION = YES;
				CLANG_WARN_OBJC_ROOT_CLASS = YES_ERROR;
				CLANG_WARN_QUOTED_INCLUDE_IN_FRAMEWORK_HEADER = YES;
				CLANG_WARN_RANGE_LOOP_ANALYSIS = YES;
				CLANG_WARN_STRICT_PROTOTYPES = YES;
				CLANG_WARN_SUSPICIOUS_MOVE = YES;
				CLANG_WARN_UNGUARDED_AVAILABILITY = YES_AGGRESSIVE;
				CLANG_WARN_UNREACHABLE_CODE = YES;
				CLANG_WARN__DUPLICATE_METHOD_MATCH = YES;
				COPY_PHASE_STRIP = NO;
				DEBUG_INFORMATION_FORMAT = dwarf;
				ENABLE_STRICT_OBJC_MSGSEND = YES;
				ENABLE_TESTABILITY = YES;
				ENABLE_USER_SCRIPT_SANDBOXING = YES;
				GCC_C_LANGUAGE_STANDARD = gnu17;
				GCC_DYNAMIC_NO_PIC = NO;
				GCC_NO_COMMON_BLOCKS = YES;
				GCC_OPTIMIZATION_LEVEL = 0;
				GCC_PREPROCESSOR_DEFINITIONS = (
					"DEBUG=1",
					"$(inherited)",
				);
				GCC_WARN_64_TO_32_BIT_CONVERSION = YES;
				GCC_WARN_ABOUT_RETURN_TYPE = YES_ERROR;
				GCC_WARN_UNDECLARED_SELECTOR = YES;
				GCC_WARN_UNINITIALIZED_AUTOS = YES_AGGRESSIVE;
				GCC_WARN_UNUSED_FUNCTION = YES;
				GCC_WARN_UNUSED_VARIABLE = YES;
				IPHONEOS_DEPLOYMENT_TARGET = 17.0;
				LOCALIZATION_PREFERS_STRING_CATALOGS = YES;
				MTL_ENABLE_DEBUG_INFO = INCLUDE_SOURCE;
				MTL_FAST_MATH = YES;
				ONLY_ACTIVE_ARCH = YES;
				SDKROOT = iphoneos;
				SWIFT_ACTIVE_COMPILATION_CONDITIONS = "DEBUG $(inherited)";
				SWIFT_OPTIMIZATION_LEVEL = "-Onone";
			};
			name = Debug;
		};
		58102F0C2A44FC2000C52BD4 /* Release */ = {
			isa = XCBuildConfiguration;
			buildSettings = {
				ALWAYS_SEARCH_USER_PATHS = NO;
				ASSETCATALOG_COMPILER_GENERATE_SWIFT_ASSET_SYMBOL_EXTENSIONS = YES;
				CLANG_ANALYZER_NONNULL = YES;
				CLANG_ANALYZER_NUMBER_OBJECT_CONVERSION = YES_AGGRESSIVE;
				CLANG_CXX_LANGUAGE_STANDARD = "gnu++20";
				CLANG_ENABLE_MODULES = YES;
				CLANG_ENABLE_OBJC_ARC = YES;
				CLANG_ENABLE_OBJC_WEAK = YES;
				CLANG_WARN_BLOCK_CAPTURE_AUTORELEASING = YES;
				CLANG_WARN_BOOL_CONVERSION = YES;
				CLANG_WARN_COMMA = YES;
				CLANG_WARN_CONSTANT_CONVERSION = YES;
				CLANG_WARN_DEPRECATED_OBJC_IMPLEMENTATIONS = YES;
				CLANG_WARN_DIRECT_OBJC_ISA_USAGE = YES_ERROR;
				CLANG_WARN_DOCUMENTATION_COMMENTS = YES;
				CLANG_WARN_EMPTY_BODY = YES;
				CLANG_WARN_ENUM_CONVERSION = YES;
				CLANG_WARN_INFINITE_RECURSION = YES;
				CLANG_WARN_INT_CONVERSION = YES;
				CLANG_WARN_NON_LITERAL_NULL_CONVERSION = YES;
				CLANG_WARN_OBJC_IMPLICIT_RETAIN_SELF = YES;
				CLANG_WARN_OBJC_LITERAL_CONVERSION = YES;
				CLANG_WARN_OBJC_ROOT_CLASS = YES_ERROR;
				CLANG_WARN_QUOTED_INCLUDE_IN_FRAMEWORK_HEADER = YES;
				CLANG_WARN_RANGE_LOOP_ANALYSIS = YES;
				CLANG_WARN_STRICT_PROTOTYPES = YES;
				CLANG_WARN_SUSPICIOUS_MOVE = YES;
				CLANG_WARN_UNGUARDED_AVAILABILITY = YES_AGGRESSIVE;
				CLANG_WARN_UNREACHABLE_CODE = YES;
				CLANG_WARN__DUPLICATE_METHOD_MATCH = YES;
				COPY_PHASE_STRIP = NO;
				DEBUG_INFORMATION_FORMAT = "dwarf-with-dsym";
				ENABLE_NS_ASSERTIONS = NO;
				ENABLE_STRICT_OBJC_MSGSEND = YES;
				ENABLE_USER_SCRIPT_SANDBOXING = YES;
				GCC_C_LANGUAGE_STANDARD = gnu17;
				GCC_NO_COMMON_BLOCKS = YES;
				GCC_WARN_64_TO_32_BIT_CONVERSION = YES;
				GCC_WARN_ABOUT_RETURN_TYPE = YES_ERROR;
				GCC_WARN_UNDECLARED_SELECTOR = YES;
				GCC_WARN_UNINITIALIZED_AUTOS = YES_AGGRESSIVE;
				GCC_WARN_UNUSED_FUNCTION = YES;
				GCC_WARN_UNUSED_VARIABLE = YES;
				IPHONEOS_DEPLOYMENT_TARGET = 17.0;
				LOCALIZATION_PREFERS_STRING_CATALOGS = YES;
				MTL_ENABLE_DEBUG_INFO = NO;
				MTL_FAST_MATH = YES;
				SDKROOT = iphoneos;
				SWIFT_COMPILATION_MODE = wholemodule;
				VALIDATE_PRODUCT = YES;
			};
			name = Release;
		};
		58102F0E2A44FC2000C52BD4 /* Debug */ = {
			isa = XCBuildConfiguration;
			buildSettings = {
				ASSETCATALOG_COMPILER_APPICON_NAME = AppIcon;
				ASSETCATALOG_COMPILER_GLOBAL_ACCENT_COLOR_NAME = AccentColor;
				CODE_SIGN_STYLE = Automatic;
				CURRENT_PROJECT_VERSION = 1;
				DEVELOPMENT_ASSET_PATHS = "\"OwnGpt/Preview Content\"";
				DEVELOPMENT_TEAM = EGCAKP6VK4;
				ENABLE_PREVIEWS = YES;
				GENERATE_INFOPLIST_FILE = YES;
				INFOPLIST_KEY_UIApplicationSceneManifest_Generation = YES;
				INFOPLIST_KEY_UIApplicationSupportsIndirectInputEvents = YES;
				INFOPLIST_KEY_UILaunchScreen_Generation = YES;
				INFOPLIST_KEY_UISupportedInterfaceOrientations_iPad = "UIInterfaceOrientationPortrait UIInterfaceOrientationPortraitUpsideDown UIInterfaceOrientationLandscapeLeft UIInterfaceOrientationLandscapeRight";
				INFOPLIST_KEY_UISupportedInterfaceOrientations_iPhone = "UIInterfaceOrientationPortrait UIInterfaceOrientationLandscapeLeft UIInterfaceOrientationLandscapeRight";
				LD_RUNPATH_SEARCH_PATHS = (
					"$(inherited)",
					"@executable_path/Frameworks",
				);
				MARKETING_VERSION = 1.0;
				PRODUCT_BUNDLE_IDENTIFIER = bishalw.OwnGpt;
				PRODUCT_NAME = "$(TARGET_NAME)";
				SWIFT_EMIT_LOC_STRINGS = YES;
				SWIFT_VERSION = 5.0;
				TARGETED_DEVICE_FAMILY = "1,2";
			};
			name = Debug;
		};
		58102F0F2A44FC2000C52BD4 /* Release */ = {
			isa = XCBuildConfiguration;
			buildSettings = {
				ASSETCATALOG_COMPILER_APPICON_NAME = AppIcon;
				ASSETCATALOG_COMPILER_GLOBAL_ACCENT_COLOR_NAME = AccentColor;
				CODE_SIGN_STYLE = Automatic;
				CURRENT_PROJECT_VERSION = 1;
				DEVELOPMENT_ASSET_PATHS = "\"OwnGpt/Preview Content\"";
				DEVELOPMENT_TEAM = EGCAKP6VK4;
				ENABLE_PREVIEWS = YES;
				GENERATE_INFOPLIST_FILE = YES;
				INFOPLIST_KEY_UIApplicationSceneManifest_Generation = YES;
				INFOPLIST_KEY_UIApplicationSupportsIndirectInputEvents = YES;
				INFOPLIST_KEY_UILaunchScreen_Generation = YES;
				INFOPLIST_KEY_UISupportedInterfaceOrientations_iPad = "UIInterfaceOrientationPortrait UIInterfaceOrientationPortraitUpsideDown UIInterfaceOrientationLandscapeLeft UIInterfaceOrientationLandscapeRight";
				INFOPLIST_KEY_UISupportedInterfaceOrientations_iPhone = "UIInterfaceOrientationPortrait UIInterfaceOrientationLandscapeLeft UIInterfaceOrientationLandscapeRight";
				LD_RUNPATH_SEARCH_PATHS = (
					"$(inherited)",
					"@executable_path/Frameworks",
				);
				MARKETING_VERSION = 1.0;
				PRODUCT_BUNDLE_IDENTIFIER = bishalw.OwnGpt;
				PRODUCT_NAME = "$(TARGET_NAME)";
				SWIFT_EMIT_LOC_STRINGS = YES;
				SWIFT_VERSION = 5.0;
				TARGETED_DEVICE_FAMILY = "1,2";
			};
			name = Release;
		};
		58102F112A44FC2000C52BD4 /* Debug */ = {
			isa = XCBuildConfiguration;
			buildSettings = {
				ALWAYS_EMBED_SWIFT_STANDARD_LIBRARIES = YES;
				BUNDLE_LOADER = "$(TEST_HOST)";
				CODE_SIGN_STYLE = Automatic;
				CURRENT_PROJECT_VERSION = 1;
				DEVELOPMENT_TEAM = EGCAKP6VK4;
				GENERATE_INFOPLIST_FILE = YES;
				IPHONEOS_DEPLOYMENT_TARGET = 17.0;
				MARKETING_VERSION = 1.0;
				PRODUCT_BUNDLE_IDENTIFIER = bishalw.OwnGptTests;
				PRODUCT_NAME = "$(TARGET_NAME)";
				SWIFT_EMIT_LOC_STRINGS = NO;
				SWIFT_VERSION = 5.0;
				TARGETED_DEVICE_FAMILY = "1,2";
				TEST_HOST = "$(BUILT_PRODUCTS_DIR)/OwnGpt.app/$(BUNDLE_EXECUTABLE_FOLDER_PATH)/OwnGpt";
			};
			name = Debug;
		};
		58102F122A44FC2000C52BD4 /* Release */ = {
			isa = XCBuildConfiguration;
			buildSettings = {
				ALWAYS_EMBED_SWIFT_STANDARD_LIBRARIES = YES;
				BUNDLE_LOADER = "$(TEST_HOST)";
				CODE_SIGN_STYLE = Automatic;
				CURRENT_PROJECT_VERSION = 1;
				DEVELOPMENT_TEAM = EGCAKP6VK4;
				GENERATE_INFOPLIST_FILE = YES;
				IPHONEOS_DEPLOYMENT_TARGET = 17.0;
				MARKETING_VERSION = 1.0;
				PRODUCT_BUNDLE_IDENTIFIER = bishalw.OwnGptTests;
				PRODUCT_NAME = "$(TARGET_NAME)";
				SWIFT_EMIT_LOC_STRINGS = NO;
				SWIFT_VERSION = 5.0;
				TARGETED_DEVICE_FAMILY = "1,2";
				TEST_HOST = "$(BUILT_PRODUCTS_DIR)/OwnGpt.app/$(BUNDLE_EXECUTABLE_FOLDER_PATH)/OwnGpt";
			};
			name = Release;
		};
		58102F142A44FC2000C52BD4 /* Debug */ = {
			isa = XCBuildConfiguration;
			buildSettings = {
				ALWAYS_EMBED_SWIFT_STANDARD_LIBRARIES = YES;
				CODE_SIGN_STYLE = Automatic;
				CURRENT_PROJECT_VERSION = 1;
				DEVELOPMENT_TEAM = EGCAKP6VK4;
				GENERATE_INFOPLIST_FILE = YES;
				MARKETING_VERSION = 1.0;
				PRODUCT_BUNDLE_IDENTIFIER = bishalw.OwnGptUITests;
				PRODUCT_NAME = "$(TARGET_NAME)";
				SWIFT_EMIT_LOC_STRINGS = NO;
				SWIFT_VERSION = 5.0;
				TARGETED_DEVICE_FAMILY = "1,2";
				TEST_TARGET_NAME = OwnGpt;
			};
			name = Debug;
		};
		58102F152A44FC2000C52BD4 /* Release */ = {
			isa = XCBuildConfiguration;
			buildSettings = {
				ALWAYS_EMBED_SWIFT_STANDARD_LIBRARIES = YES;
				CODE_SIGN_STYLE = Automatic;
				CURRENT_PROJECT_VERSION = 1;
				DEVELOPMENT_TEAM = EGCAKP6VK4;
				GENERATE_INFOPLIST_FILE = YES;
				MARKETING_VERSION = 1.0;
				PRODUCT_BUNDLE_IDENTIFIER = bishalw.OwnGptUITests;
				PRODUCT_NAME = "$(TARGET_NAME)";
				SWIFT_EMIT_LOC_STRINGS = NO;
				SWIFT_VERSION = 5.0;
				TARGETED_DEVICE_FAMILY = "1,2";
				TEST_TARGET_NAME = OwnGpt;
			};
			name = Release;
		};
/* End XCBuildConfiguration section */

/* Begin XCConfigurationList section */
		58102EE42A44FC1F00C52BD4 /* Build configuration list for PBXProject "OwnGpt" */ = {
			isa = XCConfigurationList;
			buildConfigurations = (
				58102F0B2A44FC2000C52BD4 /* Debug */,
				58102F0C2A44FC2000C52BD4 /* Release */,
			);
			defaultConfigurationIsVisible = 0;
			defaultConfigurationName = Release;
		};
		58102F0D2A44FC2000C52BD4 /* Build configuration list for PBXNativeTarget "OwnGpt" */ = {
			isa = XCConfigurationList;
			buildConfigurations = (
				58102F0E2A44FC2000C52BD4 /* Debug */,
				58102F0F2A44FC2000C52BD4 /* Release */,
			);
			defaultConfigurationIsVisible = 0;
			defaultConfigurationName = Release;
		};
		58102F102A44FC2000C52BD4 /* Build configuration list for PBXNativeTarget "OwnGptTests" */ = {
			isa = XCConfigurationList;
			buildConfigurations = (
				58102F112A44FC2000C52BD4 /* Debug */,
				58102F122A44FC2000C52BD4 /* Release */,
			);
			defaultConfigurationIsVisible = 0;
			defaultConfigurationName = Release;
		};
		58102F132A44FC2000C52BD4 /* Build configuration list for PBXNativeTarget "OwnGptUITests" */ = {
			isa = XCConfigurationList;
			buildConfigurations = (
				58102F142A44FC2000C52BD4 /* Debug */,
				58102F152A44FC2000C52BD4 /* Release */,
			);
			defaultConfigurationIsVisible = 0;
			defaultConfigurationName = Release;
		};
/* End XCConfigurationList section */
	};
	rootObject = 58102EE12A44FC1F00C52BD4 /* Project object */;
}
