// !$*UTF8*$!
{
	archiveVersion = 1;
	classes = {
	};
	objectVersion = 56;
	objects = {

/* Begin PBXBuildFile section */
		58102EED2A44FC1F00C52BD4 /* OwnGptApp.swift in Sources */ = {isa = PBXBuildFile; fileRef = 58102EEC2A44FC1F00C52BD4 /* OwnGptApp.swift */; };
		58102EF12A44FC2000C52BD4 /* Assets.xcassets in Resources */ = {isa = PBXBuildFile; fileRef = 58102EF02A44FC2000C52BD4 /* Assets.xcassets */; };
		58102EF42A44FC2000C52BD4 /* Preview Assets.xcassets in Resources */ = {isa = PBXBuildFile; fileRef = 58102EF32A44FC2000C52BD4 /* Preview Assets.xcassets */; };
		58102EFE2A44FC2000C52BD4 /* OwnGptTests.swift in Sources */ = {isa = PBXBuildFile; fileRef = 58102EFD2A44FC2000C52BD4 /* OwnGptTests.swift */; };
		58102F082A44FC2000C52BD4 /* OwnGptUITests.swift in Sources */ = {isa = PBXBuildFile; fileRef = 58102F072A44FC2000C52BD4 /* OwnGptUITests.swift */; };
		58102F0A2A44FC2000C52BD4 /* OwnGptUITestsLaunchTests.swift in Sources */ = {isa = PBXBuildFile; fileRef = 58102F092A44FC2000C52BD4 /* OwnGptUITestsLaunchTests.swift */; };
		5811FDFF2A727840003AB0C0 /* MessageInput.swift in Sources */ = {isa = PBXBuildFile; fileRef = 5811FDFC2A72779D003AB0C0 /* MessageInput.swift */; };
		5817C0942A90474B005EEDC9 /* PersistenceController.swift in Sources */ = {isa = PBXBuildFile; fileRef = 5817C0932A90474B005EEDC9 /* PersistenceController.swift */; };
		581996742A944D3800CAD76C /* ConversationModel.xcdatamodeld in Sources */ = {isa = PBXBuildFile; fileRef = 581996722A944D3800CAD76C /* ConversationModel.xcdatamodeld */; };
		58366E1F2A723A0F00052735 /* ConversationList.swift in Sources */ = {isa = PBXBuildFile; fileRef = 58366E1E2A723A0F00052735 /* ConversationList.swift */; };
		5842313B2B19713C009F1C46 /* OvalTextFieldStyle.swift in Sources */ = {isa = PBXBuildFile; fileRef = 5842313A2B19713C009F1C46 /* OvalTextFieldStyle.swift */; };
		5842313C2B19713C009F1C46 /* OvalTextFieldStyle.swift in Sources */ = {isa = PBXBuildFile; fileRef = 5842313A2B19713C009F1C46 /* OvalTextFieldStyle.swift */; };
		5842313E2B1971A1009F1C46 /* DotLoadingView.swift in Sources */ = {isa = PBXBuildFile; fileRef = 5842313D2B1971A1009F1C46 /* DotLoadingView.swift */; };
		5842313F2B1971A1009F1C46 /* DotLoadingView.swift in Sources */ = {isa = PBXBuildFile; fileRef = 5842313D2B1971A1009F1C46 /* DotLoadingView.swift */; };
		584231452B1A8B03009F1C46 /* ConversationPersistenceService.swift in Sources */ = {isa = PBXBuildFile; fileRef = 584231442B1A8B03009F1C46 /* ConversationPersistenceService.swift */; };
		584231532B1AD4D0009F1C46 /* DotView.swift in Sources */ = {isa = PBXBuildFile; fileRef = 584231522B1AD4D0009F1C46 /* DotView.swift */; };
		584231542B1AD4D0009F1C46 /* DotView.swift in Sources */ = {isa = PBXBuildFile; fileRef = 584231522B1AD4D0009F1C46 /* DotView.swift */; };
		58464FF82B2343B200C1BA7F /* Constants.swift in Sources */ = {isa = PBXBuildFile; fileRef = 58464FF72B2343B200C1BA7F /* Constants.swift */; };
		58464FF92B2343B200C1BA7F /* Constants.swift in Sources */ = {isa = PBXBuildFile; fileRef = 58464FF72B2343B200C1BA7F /* Constants.swift */; };
		58464FFC2B23463C00C1BA7F /* ChatView.swift in Sources */ = {isa = PBXBuildFile; fileRef = 58464FFB2B23463C00C1BA7F /* ChatView.swift */; };
		58464FFF2B23464800C1BA7F /* ChatViewModel.swift in Sources */ = {isa = PBXBuildFile; fileRef = 58464FFE2B23464800C1BA7F /* ChatViewModel.swift */; };
		5846500A2B24A0BB00C1BA7F /* Extension+Color.swift in Sources */ = {isa = PBXBuildFile; fileRef = 584650092B24A0BB00C1BA7F /* Extension+Color.swift */; };
		5846500B2B24A0BB00C1BA7F /* Extension+Color.swift in Sources */ = {isa = PBXBuildFile; fileRef = 584650092B24A0BB00C1BA7F /* Extension+Color.swift */; };
		5846500D2B24A0E100C1BA7F /* Extension+String.swift in Sources */ = {isa = PBXBuildFile; fileRef = 5846500C2B24A0E100C1BA7F /* Extension+String.swift */; };
		5846500E2B24A0E100C1BA7F /* Extension+String.swift in Sources */ = {isa = PBXBuildFile; fileRef = 5846500C2B24A0E100C1BA7F /* Extension+String.swift */; };
		585A04822B255A2B003A1392 /* ConversationRepository.swift in Sources */ = {isa = PBXBuildFile; fileRef = 585A04812B255A2B003A1392 /* ConversationRepository.swift */; };
		585A04832B255A2B003A1392 /* ConversationRepository.swift in Sources */ = {isa = PBXBuildFile; fileRef = 585A04812B255A2B003A1392 /* ConversationRepository.swift */; };
		5879312B2B294D89002E8DB9 /* Core.swift in Sources */ = {isa = PBXBuildFile; fileRef = 5879312A2B294D89002E8DB9 /* Core.swift */; };
		5880C3012B2612C5006020E7 /* ConversationsStore.swift in Sources */ = {isa = PBXBuildFile; fileRef = 5880C3002B2612C5006020E7 /* ConversationsStore.swift */; };
		5880C3022B2612C5006020E7 /* ConversationsStore.swift in Sources */ = {isa = PBXBuildFile; fileRef = 5880C3002B2612C5006020E7 /* ConversationsStore.swift */; };
		5880C3042B26C04F006020E7 /* Extension+NSManagedObjectContext.swift in Sources */ = {isa = PBXBuildFile; fileRef = 5880C3032B26C04F006020E7 /* Extension+NSManagedObjectContext.swift */; };
		5880C3052B26C04F006020E7 /* Extension+NSManagedObjectContext.swift in Sources */ = {isa = PBXBuildFile; fileRef = 5880C3032B26C04F006020E7 /* Extension+NSManagedObjectContext.swift */; };
		588F1FFC2A6F4D7C002FEC2B /* OwnGptWatchApp.swift in Sources */ = {isa = PBXBuildFile; fileRef = 588F1FFB2A6F4D7C002FEC2B /* OwnGptWatchApp.swift */; };
		588F20002A6F4D7F002FEC2B /* Assets.xcassets in Resources */ = {isa = PBXBuildFile; fileRef = 588F1FFF2A6F4D7F002FEC2B /* Assets.xcassets */; };
		588F20032A6F4D7F002FEC2B /* Preview Assets.xcassets in Resources */ = {isa = PBXBuildFile; fileRef = 588F20022A6F4D7F002FEC2B /* Preview Assets.xcassets */; };
		588F200D2A6F4D7F002FEC2B /* OwnGptWatchApp_Watch_AppTests.swift in Sources */ = {isa = PBXBuildFile; fileRef = 588F200C2A6F4D7F002FEC2B /* OwnGptWatchApp_Watch_AppTests.swift */; };
		588F20172A6F4D7F002FEC2B /* OwnGptWatchApp_Watch_AppUITests.swift in Sources */ = {isa = PBXBuildFile; fileRef = 588F20162A6F4D7F002FEC2B /* OwnGptWatchApp_Watch_AppUITests.swift */; };
		588F20192A6F4D7F002FEC2B /* OwnGptWatchApp_Watch_AppUITestsLaunchTests.swift in Sources */ = {isa = PBXBuildFile; fileRef = 588F20182A6F4D7F002FEC2B /* OwnGptWatchApp_Watch_AppUITestsLaunchTests.swift */; };
		588F20332A70AADE002FEC2B /* WatchOSView.swift in Sources */ = {isa = PBXBuildFile; fileRef = 588F20322A70AADE002FEC2B /* WatchOSView.swift */; };
		589077BF2B4A25A5009C9AEB /* NetworkService.swift in Sources */ = {isa = PBXBuildFile; fileRef = 589077BE2B4A25A5009C9AEB /* NetworkService.swift */; };
		589077C02B4A25A5009C9AEB /* NetworkService.swift in Sources */ = {isa = PBXBuildFile; fileRef = 589077BE2B4A25A5009C9AEB /* NetworkService.swift */; };
		589077C22B4A36E9009C9AEB /* HTTPRequestType.swift in Sources */ = {isa = PBXBuildFile; fileRef = 589077C12B4A36E9009C9AEB /* HTTPRequestType.swift */; };
		589077C32B4A36E9009C9AEB /* HTTPRequestType.swift in Sources */ = {isa = PBXBuildFile; fileRef = 589077C12B4A36E9009C9AEB /* HTTPRequestType.swift */; };
		589077C52B4A3729009C9AEB /* HTTPRequest.swift in Sources */ = {isa = PBXBuildFile; fileRef = 589077C42B4A3729009C9AEB /* HTTPRequest.swift */; };
		589077C62B4A3729009C9AEB /* HTTPRequest.swift in Sources */ = {isa = PBXBuildFile; fileRef = 589077C42B4A3729009C9AEB /* HTTPRequest.swift */; };
		589077C82B4A3BB8009C9AEB /* DataParser.swift in Sources */ = {isa = PBXBuildFile; fileRef = 589077C72B4A3BB8009C9AEB /* DataParser.swift */; };
		589077C92B4A3BB8009C9AEB /* DataParser.swift in Sources */ = {isa = PBXBuildFile; fileRef = 589077C72B4A3BB8009C9AEB /* DataParser.swift */; };
		5898EFE82B4AA86100CA8467 /* ChatGPTServiceRequest.swift in Sources */ = {isa = PBXBuildFile; fileRef = 5898EFE72B4AA86100CA8467 /* ChatGPTServiceRequest.swift */; };
		5898EFE92B4AA86100CA8467 /* ChatGPTServiceRequest.swift in Sources */ = {isa = PBXBuildFile; fileRef = 5898EFE72B4AA86100CA8467 /* ChatGPTServiceRequest.swift */; };
		58B6A20A2A74F7DD00F5D309 /* ConversationsView.swift in Sources */ = {isa = PBXBuildFile; fileRef = 58B6A2092A74F7DD00F5D309 /* ConversationsView.swift */; };
		58B9A5E12A8F04BE008BCF7C /* ConversationsViewModel.swift in Sources */ = {isa = PBXBuildFile; fileRef = 58B9A5E02A8F04BE008BCF7C /* ConversationsViewModel.swift */; };
		58C61FAD2B2A907D003DF413 /* Router.swift in Sources */ = {isa = PBXBuildFile; fileRef = 58C61FAC2B2A907D003DF413 /* Router.swift */; };
		58CFE4FA2A7233C300A43822 /* MessageView.swift in Sources */ = {isa = PBXBuildFile; fileRef = 58CFE4F62A7233C300A43822 /* MessageView.swift */; };
		58CFE4FE2A7233C300A43822 /* ConversationViewModel.swift in Sources */ = {isa = PBXBuildFile; fileRef = 58CFE4F52A7233C300A43822 /* ConversationViewModel.swift */; };
		58CFE4FF2A7233C300A43822 /* Message.swift in Sources */ = {isa = PBXBuildFile; fileRef = 58CFE4F42A7233C300A43822 /* Message.swift */; };
		58CFE5002A7233C300A43822 /* Message.swift in Sources */ = {isa = PBXBuildFile; fileRef = 58CFE4F42A7233C300A43822 /* Message.swift */; };
		58CFE5012A7233C300A43822 /* ChatGPTAPIService.swift in Sources */ = {isa = PBXBuildFile; fileRef = 58CFE4F02A7233C300A43822 /* ChatGPTAPIService.swift */; };
		58CFE5022A7233C300A43822 /* ChatGPTAPIService.swift in Sources */ = {isa = PBXBuildFile; fileRef = 58CFE4F02A7233C300A43822 /* ChatGPTAPIService.swift */; };
		58CFE5042A7233C300A43822 /* ConversationView.swift in Sources */ = {isa = PBXBuildFile; fileRef = 58CFE4F32A7233C300A43822 /* ConversationView.swift */; };
		58CFE5062A7233EC00A43822 /* OpenAiModels.swift in Sources */ = {isa = PBXBuildFile; fileRef = 58CFE5052A7233EC00A43822 /* OpenAiModels.swift */; };
		58CFE5072A7233EC00A43822 /* OpenAiModels.swift in Sources */ = {isa = PBXBuildFile; fileRef = 58CFE5052A7233EC00A43822 /* OpenAiModels.swift */; };
		58FE3CB32A9D6DE800CAE55E /* Conversation.swift in Sources */ = {isa = PBXBuildFile; fileRef = 58FE3CB22A9D6DE800CAE55E /* Conversation.swift */; };
		58FE3CB42A9D6DE800CAE55E /* Conversation.swift in Sources */ = {isa = PBXBuildFile; fileRef = 58FE3CB22A9D6DE800CAE55E /* Conversation.swift */; };
		58FE3CC32A9EA78300CAE55E /* ConversationEntity+CoreDataClass.swift in Sources */ = {isa = PBXBuildFile; fileRef = 58FE3CC12A9EA78300CAE55E /* ConversationEntity+CoreDataClass.swift */; };
		58FE3CC42A9EA78300CAE55E /* ConversationEntity+CoreDataClass.swift in Sources */ = {isa = PBXBuildFile; fileRef = 58FE3CC12A9EA78300CAE55E /* ConversationEntity+CoreDataClass.swift */; };
		58FE3CC52A9EA78300CAE55E /* ConversationEntity+CoreDataProperties.swift in Sources */ = {isa = PBXBuildFile; fileRef = 58FE3CC22A9EA78300CAE55E /* ConversationEntity+CoreDataProperties.swift */; };
		58FE3CC62A9EA78300CAE55E /* ConversationEntity+CoreDataProperties.swift in Sources */ = {isa = PBXBuildFile; fileRef = 58FE3CC22A9EA78300CAE55E /* ConversationEntity+CoreDataProperties.swift */; };
		58FE3CC92A9EA7AE00CAE55E /* MessageEntity+CoreDataClass.swift in Sources */ = {isa = PBXBuildFile; fileRef = 58FE3CC72A9EA7AE00CAE55E /* MessageEntity+CoreDataClass.swift */; };
		58FE3CCA2A9EA7AE00CAE55E /* MessageEntity+CoreDataClass.swift in Sources */ = {isa = PBXBuildFile; fileRef = 58FE3CC72A9EA7AE00CAE55E /* MessageEntity+CoreDataClass.swift */; };
		58FE3CCB2A9EA7AE00CAE55E /* MessageEntity+CoreDataProperties.swift in Sources */ = {isa = PBXBuildFile; fileRef = 58FE3CC82A9EA7AE00CAE55E /* MessageEntity+CoreDataProperties.swift */; };
		58FE3CCC2A9EA7AE00CAE55E /* MessageEntity+CoreDataProperties.swift in Sources */ = {isa = PBXBuildFile; fileRef = 58FE3CC82A9EA7AE00CAE55E /* MessageEntity+CoreDataProperties.swift */; };
		58FE3CCF2AA11E4900CAE55E /* ConversationStore.swift in Sources */ = {isa = PBXBuildFile; fileRef = 58FE3CCE2AA11E4900CAE55E /* ConversationStore.swift */; };
		58FE3CD02AA11E4900CAE55E /* ConversationStore.swift in Sources */ = {isa = PBXBuildFile; fileRef = 58FE3CCE2AA11E4900CAE55E /* ConversationStore.swift */; };
/* End PBXBuildFile section */

/* Begin PBXContainerItemProxy section */
		58102EFA2A44FC2000C52BD4 /* PBXContainerItemProxy */ = {
			isa = PBXContainerItemProxy;
			containerPortal = 58102EE12A44FC1F00C52BD4 /* Project object */;
			proxyType = 1;
			remoteGlobalIDString = 58102EE82A44FC1F00C52BD4;
			remoteInfo = OwnGpt;
		};
		58102F042A44FC2000C52BD4 /* PBXContainerItemProxy */ = {
			isa = PBXContainerItemProxy;
			containerPortal = 58102EE12A44FC1F00C52BD4 /* Project object */;
			proxyType = 1;
			remoteGlobalIDString = 58102EE82A44FC1F00C52BD4;
			remoteInfo = OwnGpt;
		};
		588F20092A6F4D7F002FEC2B /* PBXContainerItemProxy */ = {
			isa = PBXContainerItemProxy;
			containerPortal = 58102EE12A44FC1F00C52BD4 /* Project object */;
			proxyType = 1;
			remoteGlobalIDString = 588F1FF52A6F4D7C002FEC2B;
			remoteInfo = "OwnGptWatchApp Watch App";
		};
		588F20132A6F4D7F002FEC2B /* PBXContainerItemProxy */ = {
			isa = PBXContainerItemProxy;
			containerPortal = 58102EE12A44FC1F00C52BD4 /* Project object */;
			proxyType = 1;
			remoteGlobalIDString = 588F1FF52A6F4D7C002FEC2B;
			remoteInfo = "OwnGptWatchApp Watch App";
		};
/* End PBXContainerItemProxy section */

/* Begin PBXFileReference section */
		58102EE92A44FC1F00C52BD4 /* OwnGpt.app */ = {isa = PBXFileReference; explicitFileType = wrapper.application; includeInIndex = 0; path = OwnGpt.app; sourceTree = BUILT_PRODUCTS_DIR; };
		58102EEC2A44FC1F00C52BD4 /* OwnGptApp.swift */ = {isa = PBXFileReference; lastKnownFileType = sourcecode.swift; path = OwnGptApp.swift; sourceTree = "<group>"; };
		58102EF02A44FC2000C52BD4 /* Assets.xcassets */ = {isa = PBXFileReference; lastKnownFileType = folder.assetcatalog; path = Assets.xcassets; sourceTree = "<group>"; };
		58102EF32A44FC2000C52BD4 /* Preview Assets.xcassets */ = {isa = PBXFileReference; lastKnownFileType = folder.assetcatalog; path = "Preview Assets.xcassets"; sourceTree = "<group>"; };
		58102EF92A44FC2000C52BD4 /* OwnGptTests.xctest */ = {isa = PBXFileReference; explicitFileType = wrapper.cfbundle; includeInIndex = 0; path = OwnGptTests.xctest; sourceTree = BUILT_PRODUCTS_DIR; };
		58102EFD2A44FC2000C52BD4 /* OwnGptTests.swift */ = {isa = PBXFileReference; lastKnownFileType = sourcecode.swift; path = OwnGptTests.swift; sourceTree = "<group>"; };
		58102F032A44FC2000C52BD4 /* OwnGptUITests.xctest */ = {isa = PBXFileReference; explicitFileType = wrapper.cfbundle; includeInIndex = 0; path = OwnGptUITests.xctest; sourceTree = BUILT_PRODUCTS_DIR; };
		58102F072A44FC2000C52BD4 /* OwnGptUITests.swift */ = {isa = PBXFileReference; lastKnownFileType = sourcecode.swift; path = OwnGptUITests.swift; sourceTree = "<group>"; };
		58102F092A44FC2000C52BD4 /* OwnGptUITestsLaunchTests.swift */ = {isa = PBXFileReference; lastKnownFileType = sourcecode.swift; path = OwnGptUITestsLaunchTests.swift; sourceTree = "<group>"; };
		5811FDFC2A72779D003AB0C0 /* MessageInput.swift */ = {isa = PBXFileReference; lastKnownFileType = sourcecode.swift; path = MessageInput.swift; sourceTree = "<group>"; };
		5817C0932A90474B005EEDC9 /* PersistenceController.swift */ = {isa = PBXFileReference; lastKnownFileType = sourcecode.swift; path = PersistenceController.swift; sourceTree = "<group>"; };
		581996732A944D3800CAD76C /* ConversationModel.xcdatamodel */ = {isa = PBXFileReference; lastKnownFileType = wrapper.xcdatamodel; path = ConversationModel.xcdatamodel; sourceTree = "<group>"; };
		58366E1E2A723A0F00052735 /* ConversationList.swift */ = {isa = PBXFileReference; lastKnownFileType = sourcecode.swift; name = ConversationList.swift; path = Shared/Views/Conversation/ConversationView/ConversationList.swift; sourceTree = SOURCE_ROOT; };
		5842313A2B19713C009F1C46 /* OvalTextFieldStyle.swift */ = {isa = PBXFileReference; fileEncoding = 4; lastKnownFileType = sourcecode.swift; path = OvalTextFieldStyle.swift; sourceTree = "<group>"; };
		5842313D2B1971A1009F1C46 /* DotLoadingView.swift */ = {isa = PBXFileReference; fileEncoding = 4; lastKnownFileType = sourcecode.swift; path = DotLoadingView.swift; sourceTree = "<group>"; };
		584231442B1A8B03009F1C46 /* ConversationPersistenceService.swift */ = {isa = PBXFileReference; lastKnownFileType = sourcecode.swift; path = ConversationPersistenceService.swift; sourceTree = "<group>"; };
		584231522B1AD4D0009F1C46 /* DotView.swift */ = {isa = PBXFileReference; fileEncoding = 4; lastKnownFileType = sourcecode.swift; path = DotView.swift; sourceTree = "<group>"; };
		58464FF72B2343B200C1BA7F /* Constants.swift */ = {isa = PBXFileReference; lastKnownFileType = sourcecode.swift; path = Constants.swift; sourceTree = "<group>"; };
		58464FFB2B23463C00C1BA7F /* ChatView.swift */ = {isa = PBXFileReference; lastKnownFileType = sourcecode.swift; path = ChatView.swift; sourceTree = "<group>"; };
		58464FFE2B23464800C1BA7F /* ChatViewModel.swift */ = {isa = PBXFileReference; lastKnownFileType = sourcecode.swift; path = ChatViewModel.swift; sourceTree = "<group>"; };
		584650092B24A0BB00C1BA7F /* Extension+Color.swift */ = {isa = PBXFileReference; lastKnownFileType = sourcecode.swift; path = "Extension+Color.swift"; sourceTree = "<group>"; };
		5846500C2B24A0E100C1BA7F /* Extension+String.swift */ = {isa = PBXFileReference; lastKnownFileType = sourcecode.swift; path = "Extension+String.swift"; sourceTree = "<group>"; };
		585A04812B255A2B003A1392 /* ConversationRepository.swift */ = {isa = PBXFileReference; lastKnownFileType = sourcecode.swift; path = ConversationRepository.swift; sourceTree = "<group>"; };
		5879312A2B294D89002E8DB9 /* Core.swift */ = {isa = PBXFileReference; lastKnownFileType = sourcecode.swift; path = Core.swift; sourceTree = "<group>"; };
		5880C3002B2612C5006020E7 /* ConversationsStore.swift */ = {isa = PBXFileReference; lastKnownFileType = sourcecode.swift; path = ConversationsStore.swift; sourceTree = "<group>"; };
		5880C3032B26C04F006020E7 /* Extension+NSManagedObjectContext.swift */ = {isa = PBXFileReference; lastKnownFileType = sourcecode.swift; path = "Extension+NSManagedObjectContext.swift"; sourceTree = "<group>"; };
		588F1FF62A6F4D7C002FEC2B /* OwnGptWatchApp Watch App.app */ = {isa = PBXFileReference; explicitFileType = wrapper.application; includeInIndex = 0; path = "OwnGptWatchApp Watch App.app"; sourceTree = BUILT_PRODUCTS_DIR; };
		588F1FFB2A6F4D7C002FEC2B /* OwnGptWatchApp.swift */ = {isa = PBXFileReference; lastKnownFileType = sourcecode.swift; path = OwnGptWatchApp.swift; sourceTree = "<group>"; };
		588F1FFF2A6F4D7F002FEC2B /* Assets.xcassets */ = {isa = PBXFileReference; lastKnownFileType = folder.assetcatalog; path = Assets.xcassets; sourceTree = "<group>"; };
		588F20022A6F4D7F002FEC2B /* Preview Assets.xcassets */ = {isa = PBXFileReference; lastKnownFileType = folder.assetcatalog; path = "Preview Assets.xcassets"; sourceTree = "<group>"; };
		588F20082A6F4D7F002FEC2B /* OwnGptWatchApp Watch AppTests.xctest */ = {isa = PBXFileReference; explicitFileType = wrapper.cfbundle; includeInIndex = 0; path = "OwnGptWatchApp Watch AppTests.xctest"; sourceTree = BUILT_PRODUCTS_DIR; };
		588F200C2A6F4D7F002FEC2B /* OwnGptWatchApp_Watch_AppTests.swift */ = {isa = PBXFileReference; lastKnownFileType = sourcecode.swift; path = OwnGptWatchApp_Watch_AppTests.swift; sourceTree = "<group>"; };
		588F20122A6F4D7F002FEC2B /* OwnGptWatchApp Watch AppUITests.xctest */ = {isa = PBXFileReference; explicitFileType = wrapper.cfbundle; includeInIndex = 0; path = "OwnGptWatchApp Watch AppUITests.xctest"; sourceTree = BUILT_PRODUCTS_DIR; };
		588F20162A6F4D7F002FEC2B /* OwnGptWatchApp_Watch_AppUITests.swift */ = {isa = PBXFileReference; lastKnownFileType = sourcecode.swift; path = OwnGptWatchApp_Watch_AppUITests.swift; sourceTree = "<group>"; };
		588F20182A6F4D7F002FEC2B /* OwnGptWatchApp_Watch_AppUITestsLaunchTests.swift */ = {isa = PBXFileReference; lastKnownFileType = sourcecode.swift; path = OwnGptWatchApp_Watch_AppUITestsLaunchTests.swift; sourceTree = "<group>"; };
		588F20322A70AADE002FEC2B /* WatchOSView.swift */ = {isa = PBXFileReference; lastKnownFileType = sourcecode.swift; path = WatchOSView.swift; sourceTree = "<group>"; };
		589077BE2B4A25A5009C9AEB /* NetworkService.swift */ = {isa = PBXFileReference; lastKnownFileType = sourcecode.swift; path = NetworkService.swift; sourceTree = "<group>"; };
		589077C12B4A36E9009C9AEB /* HTTPRequestType.swift */ = {isa = PBXFileReference; lastKnownFileType = sourcecode.swift; path = HTTPRequestType.swift; sourceTree = "<group>"; };
		589077C42B4A3729009C9AEB /* HTTPRequest.swift */ = {isa = PBXFileReference; lastKnownFileType = sourcecode.swift; path = HTTPRequest.swift; sourceTree = "<group>"; };
		589077C72B4A3BB8009C9AEB /* DataParser.swift */ = {isa = PBXFileReference; lastKnownFileType = sourcecode.swift; path = DataParser.swift; sourceTree = "<group>"; };
		5898EFE72B4AA86100CA8467 /* ChatGPTServiceRequest.swift */ = {isa = PBXFileReference; lastKnownFileType = sourcecode.swift; path = ChatGPTServiceRequest.swift; sourceTree = "<group>"; };
		58B6A2092A74F7DD00F5D309 /* ConversationsView.swift */ = {isa = PBXFileReference; fileEncoding = 4; lastKnownFileType = sourcecode.swift; path = ConversationsView.swift; sourceTree = "<group>"; };
		58B9A5E02A8F04BE008BCF7C /* ConversationsViewModel.swift */ = {isa = PBXFileReference; fileEncoding = 4; lastKnownFileType = sourcecode.swift; path = ConversationsViewModel.swift; sourceTree = "<group>"; };
		58C61FAC2B2A907D003DF413 /* Router.swift */ = {isa = PBXFileReference; lastKnownFileType = sourcecode.swift; path = Router.swift; sourceTree = "<group>"; };
		58CFE4F02A7233C300A43822 /* ChatGPTAPIService.swift */ = {isa = PBXFileReference; lastKnownFileType = sourcecode.swift; path = ChatGPTAPIService.swift; sourceTree = "<group>"; };
		58CFE4F32A7233C300A43822 /* ConversationView.swift */ = {isa = PBXFileReference; lastKnownFileType = sourcecode.swift; path = ConversationView.swift; sourceTree = "<group>"; };
		58CFE4F42A7233C300A43822 /* Message.swift */ = {isa = PBXFileReference; lastKnownFileType = sourcecode.swift; path = Message.swift; sourceTree = "<group>"; };
		58CFE4F52A7233C300A43822 /* ConversationViewModel.swift */ = {isa = PBXFileReference; lastKnownFileType = sourcecode.swift; path = ConversationViewModel.swift; sourceTree = "<group>"; };
		58CFE4F62A7233C300A43822 /* MessageView.swift */ = {isa = PBXFileReference; lastKnownFileType = sourcecode.swift; path = MessageView.swift; sourceTree = "<group>"; };
		58CFE5052A7233EC00A43822 /* OpenAiModels.swift */ = {isa = PBXFileReference; lastKnownFileType = sourcecode.swift; path = OpenAiModels.swift; sourceTree = "<group>"; };
		58FE3CB22A9D6DE800CAE55E /* Conversation.swift */ = {isa = PBXFileReference; lastKnownFileType = sourcecode.swift; path = Conversation.swift; sourceTree = "<group>"; };
		58FE3CC12A9EA78300CAE55E /* ConversationEntity+CoreDataClass.swift */ = {isa = PBXFileReference; lastKnownFileType = sourcecode.swift; path = "ConversationEntity+CoreDataClass.swift"; sourceTree = "<group>"; };
		58FE3CC22A9EA78300CAE55E /* ConversationEntity+CoreDataProperties.swift */ = {isa = PBXFileReference; lastKnownFileType = sourcecode.swift; path = "ConversationEntity+CoreDataProperties.swift"; sourceTree = "<group>"; };
		58FE3CC72A9EA7AE00CAE55E /* MessageEntity+CoreDataClass.swift */ = {isa = PBXFileReference; lastKnownFileType = sourcecode.swift; path = "MessageEntity+CoreDataClass.swift"; sourceTree = "<group>"; };
		58FE3CC82A9EA7AE00CAE55E /* MessageEntity+CoreDataProperties.swift */ = {isa = PBXFileReference; lastKnownFileType = sourcecode.swift; path = "MessageEntity+CoreDataProperties.swift"; sourceTree = "<group>"; };
		58FE3CCE2AA11E4900CAE55E /* ConversationStore.swift */ = {isa = PBXFileReference; lastKnownFileType = sourcecode.swift; path = ConversationStore.swift; sourceTree = "<group>"; };
/* End PBXFileReference section */

/* Begin PBXFrameworksBuildPhase section */
		58102EE62A44FC1F00C52BD4 /* Frameworks */ = {
			isa = PBXFrameworksBuildPhase;
			buildActionMask = 2147483647;
			files = (
			);
			runOnlyForDeploymentPostprocessing = 0;
		};
		58102EF62A44FC2000C52BD4 /* Frameworks */ = {
			isa = PBXFrameworksBuildPhase;
			buildActionMask = 2147483647;
			files = (
			);
			runOnlyForDeploymentPostprocessing = 0;
		};
		58102F002A44FC2000C52BD4 /* Frameworks */ = {
			isa = PBXFrameworksBuildPhase;
			buildActionMask = 2147483647;
			files = (
			);
			runOnlyForDeploymentPostprocessing = 0;
		};
		588F1FF32A6F4D7C002FEC2B /* Frameworks */ = {
			isa = PBXFrameworksBuildPhase;
			buildActionMask = 2147483647;
			files = (
			);
			runOnlyForDeploymentPostprocessing = 0;
		};
		588F20052A6F4D7F002FEC2B /* Frameworks */ = {
			isa = PBXFrameworksBuildPhase;
			buildActionMask = 2147483647;
			files = (
			);
			runOnlyForDeploymentPostprocessing = 0;
		};
		588F200F2A6F4D7F002FEC2B /* Frameworks */ = {
			isa = PBXFrameworksBuildPhase;
			buildActionMask = 2147483647;
			files = (
			);
			runOnlyForDeploymentPostprocessing = 0;
		};
/* End PBXFrameworksBuildPhase section */

/* Begin PBXGroup section */
		580F36472B289683005E337F /* Views */ = {
			isa = PBXGroup;
			children = (
				588F20322A70AADE002FEC2B /* WatchOSView.swift */,
			);
			path = Views;
			sourceTree = "<group>";
		};
		580F36482B289776005E337F /* Resources */ = {
			isa = PBXGroup;
			children = (
				58102EF02A44FC2000C52BD4 /* Assets.xcassets */,
			);
			path = Resources;
			sourceTree = "<group>";
		};
		580F36492B2897CE005E337F /* Resources */ = {
			isa = PBXGroup;
			children = (
				588F1FFF2A6F4D7F002FEC2B /* Assets.xcassets */,
			);
			path = Resources;
			sourceTree = "<group>";
		};
		580F364B2B289850005E337F /* Tests */ = {
			isa = PBXGroup;
			children = (
				58102EFC2A44FC2000C52BD4 /* iOS */,
				580F364C2B289891005E337F /* WatchOS */,
			);
			path = Tests;
			sourceTree = "<group>";
		};
		580F364C2B289891005E337F /* WatchOS */ = {
			isa = PBXGroup;
			children = (
				588F200B2A6F4D7F002FEC2B /* OwnGptWatchApp Watch AppTests */,
			);
			path = WatchOS;
			sourceTree = "<group>";
		};
		580F364D2B289925005E337F /* Conversation */ = {
			isa = PBXGroup;
			children = (
				5879312C2B2965E5002E8DB9 /* ConversationView */,
			);
			path = Conversation;
			sourceTree = "<group>";
		};
		580F364E2B28993E005E337F /* Conversations */ = {
			isa = PBXGroup;
			children = (
				58B6A2092A74F7DD00F5D309 /* ConversationsView.swift */,
				58B9A5E02A8F04BE008BCF7C /* ConversationsViewModel.swift */,
			);
			path = Conversations;
			sourceTree = "<group>";
		};
		58102EE02A44FC1F00C52BD4 = {
			isa = PBXGroup;
			children = (
				58102EEB2A44FC1F00C52BD4 /* OwnGpt */,
				588F20272A6F4DF4002FEC2B /* Shared */,
				588F1FFA2A6F4D7C002FEC2B /* OwnGptWatchApp */,
				580F364B2B289850005E337F /* Tests */,
				58102EEA2A44FC1F00C52BD4 /* Products */,
			);
			sourceTree = "<group>";
		};
		58102EEA2A44FC1F00C52BD4 /* Products */ = {
			isa = PBXGroup;
			children = (
				58102EE92A44FC1F00C52BD4 /* OwnGpt.app */,
				58102EF92A44FC2000C52BD4 /* OwnGptTests.xctest */,
				58102F032A44FC2000C52BD4 /* OwnGptUITests.xctest */,
				588F1FF62A6F4D7C002FEC2B /* OwnGptWatchApp Watch App.app */,
				588F20082A6F4D7F002FEC2B /* OwnGptWatchApp Watch AppTests.xctest */,
				588F20122A6F4D7F002FEC2B /* OwnGptWatchApp Watch AppUITests.xctest */,
			);
			name = Products;
			sourceTree = "<group>";
		};
		58102EEB2A44FC1F00C52BD4 /* OwnGpt */ = {
			isa = PBXGroup;
			children = (
				58102EF22A44FC2000C52BD4 /* Preview Content */,
				58102EEC2A44FC1F00C52BD4 /* OwnGptApp.swift */,
				5879312A2B294D89002E8DB9 /* Core.swift */,
				58C61FAC2B2A907D003DF413 /* Router.swift */,
			);
			path = OwnGpt;
			sourceTree = "<group>";
		};
		58102EF22A44FC2000C52BD4 /* Preview Content */ = {
			isa = PBXGroup;
			children = (
				58102EF32A44FC2000C52BD4 /* Preview Assets.xcassets */,
			);
			path = "Preview Content";
			sourceTree = "<group>";
		};
		58102EFC2A44FC2000C52BD4 /* iOS */ = {
			isa = PBXGroup;
			children = (
				58102F062A44FC2000C52BD4 /* OwnGptUITests */,
				58102EFD2A44FC2000C52BD4 /* OwnGptTests.swift */,
			);
			path = iOS;
			sourceTree = "<group>";
		};
		58102F062A44FC2000C52BD4 /* OwnGptUITests */ = {
			isa = PBXGroup;
			children = (
				58102F072A44FC2000C52BD4 /* OwnGptUITests.swift */,
				58102F092A44FC2000C52BD4 /* OwnGptUITestsLaunchTests.swift */,
			);
			path = OwnGptUITests;
			sourceTree = "<group>";
		};
		5817C0972A9445DC005EEDC9 /* CoreData */ = {
			isa = PBXGroup;
			children = (
				584231442B1A8B03009F1C46 /* ConversationPersistenceService.swift */,
				5817C0932A90474B005EEDC9 /* PersistenceController.swift */,
				5817C0982A9445EF005EEDC9 /* Entities */,
			);
			path = CoreData;
			sourceTree = "<group>";
		};
		5817C0982A9445EF005EEDC9 /* Entities */ = {
			isa = PBXGroup;
			children = (
				58FE3CCD2A9EB0FF00CAE55E /* CoreDataProperties */,
				581996722A944D3800CAD76C /* ConversationModel.xcdatamodeld */,
			);
			path = Entities;
			sourceTree = "<group>";
		};
		584231402B197971009F1C46 /* Extension */ = {
			isa = PBXGroup;
			children = (
				5880C3032B26C04F006020E7 /* Extension+NSManagedObjectContext.swift */,
				5846500C2B24A0E100C1BA7F /* Extension+String.swift */,
				584650092B24A0BB00C1BA7F /* Extension+Color.swift */,
				58464FF72B2343B200C1BA7F /* Constants.swift */,
			);
			path = Extension;
			sourceTree = "<group>";
		};
		584231482B1AC8E4009F1C46 /* Views */ = {
			isa = PBXGroup;
			children = (
				58464FFB2B23463C00C1BA7F /* ChatView.swift */,
				58464FFE2B23464800C1BA7F /* ChatViewModel.swift */,
				580F364D2B289925005E337F /* Conversation */,
				580F364E2B28993E005E337F /* Conversations */,
				58450A932A67CED9005BD1E4 /* Helpers */,
			);
			path = Views;
			sourceTree = "<group>";
		};
		5842314C2B1AC97C009F1C46 /* Models */ = {
			isa = PBXGroup;
			children = (
				58FE3CB22A9D6DE800CAE55E /* Conversation.swift */,
				58CFE4F42A7233C300A43822 /* Message.swift */,
			);
			path = Models;
			sourceTree = "<group>";
		};
		5842314D2B1AC9D5009F1C46 /* Services */ = {
			isa = PBXGroup;
			children = (
				5842314E2B1AC9E2009F1C46 /* Networking */,
				5817C0972A9445DC005EEDC9 /* CoreData */,
			);
			path = Services;
			sourceTree = "<group>";
		};
		5842314E2B1AC9E2009F1C46 /* Networking */ = {
			isa = PBXGroup;
			children = (
				589077BE2B4A25A5009C9AEB /* NetworkService.swift */,
				589077C12B4A36E9009C9AEB /* HTTPRequestType.swift */,
				589077C72B4A3BB8009C9AEB /* DataParser.swift */,
				589077C42B4A3729009C9AEB /* HTTPRequest.swift */,
				589077CA2B4A3FF9009C9AEB /* APIService */,
				585A047F2B2558F2003A1392 /* Models */,
			);
			path = Networking;
			sourceTree = "<group>";
		};
		5842314F2B1ACA06009F1C46 /* Store */ = {
			isa = PBXGroup;
			children = (
				58FE3CCE2AA11E4900CAE55E /* ConversationStore.swift */,
				5880C3002B2612C5006020E7 /* ConversationsStore.swift */,
			);
			path = Store;
			sourceTree = "<group>";
		};
		58450A932A67CED9005BD1E4 /* Helpers */ = {
			isa = PBXGroup;
			children = (
				5842313A2B19713C009F1C46 /* OvalTextFieldStyle.swift */,
				5842313D2B1971A1009F1C46 /* DotLoadingView.swift */,
				584231522B1AD4D0009F1C46 /* DotView.swift */,
			);
			path = Helpers;
			sourceTree = "<group>";
		};
		585A047F2B2558F2003A1392 /* Models */ = {
			isa = PBXGroup;
			children = (
				58CFE5052A7233EC00A43822 /* OpenAiModels.swift */,
			);
			path = Models;
			sourceTree = "<group>";
		};
		585A04802B255A11003A1392 /* Repositories */ = {
			isa = PBXGroup;
			children = (
				585A04812B255A2B003A1392 /* ConversationRepository.swift */,
			);
			path = Repositories;
			sourceTree = "<group>";
		};
		5879312C2B2965E5002E8DB9 /* ConversationView */ = {
			isa = PBXGroup;
			children = (
				58CFE4F32A7233C300A43822 /* ConversationView.swift */,
				58CFE4F52A7233C300A43822 /* ConversationViewModel.swift */,
				5898F0212B4D126C00CA8467 /* Helper+Conversation */,
			);
			path = ConversationView;
			sourceTree = "<group>";
		};
		588F1FFA2A6F4D7C002FEC2B /* OwnGptWatchApp */ = {
			isa = PBXGroup;
			children = (
				588F1FFB2A6F4D7C002FEC2B /* OwnGptWatchApp.swift */,
				580F36472B289683005E337F /* Views */,
				580F36492B2897CE005E337F /* Resources */,
				588F20012A6F4D7F002FEC2B /* Preview Content */,
			);
			path = OwnGptWatchApp;
			sourceTree = "<group>";
		};
		588F20012A6F4D7F002FEC2B /* Preview Content */ = {
			isa = PBXGroup;
			children = (
				588F20022A6F4D7F002FEC2B /* Preview Assets.xcassets */,
			);
			path = "Preview Content";
			sourceTree = "<group>";
		};
		588F200B2A6F4D7F002FEC2B /* OwnGptWatchApp Watch AppTests */ = {
			isa = PBXGroup;
			children = (
				588F20152A6F4D7F002FEC2B /* OwnGptWatchApp Watch AppUITests */,
				588F200C2A6F4D7F002FEC2B /* OwnGptWatchApp_Watch_AppTests.swift */,
			);
			path = "OwnGptWatchApp Watch AppTests";
			sourceTree = "<group>";
		};
		588F20152A6F4D7F002FEC2B /* OwnGptWatchApp Watch AppUITests */ = {
			isa = PBXGroup;
			children = (
				588F20162A6F4D7F002FEC2B /* OwnGptWatchApp_Watch_AppUITests.swift */,
				588F20182A6F4D7F002FEC2B /* OwnGptWatchApp_Watch_AppUITestsLaunchTests.swift */,
			);
			path = "OwnGptWatchApp Watch AppUITests";
			sourceTree = "<group>";
		};
		588F20272A6F4DF4002FEC2B /* Shared */ = {
			isa = PBXGroup;
			children = (
				5842314C2B1AC97C009F1C46 /* Models */,
				584231482B1AC8E4009F1C46 /* Views */,
				5842314F2B1ACA06009F1C46 /* Store */,
				585A04802B255A11003A1392 /* Repositories */,
				5842314D2B1AC9D5009F1C46 /* Services */,
				584231402B197971009F1C46 /* Extension */,
				580F36482B289776005E337F /* Resources */,
			);
			path = Shared;
			sourceTree = "<group>";
		};
		589077CA2B4A3FF9009C9AEB /* APIService */ = {
			isa = PBXGroup;
			children = (
				58CFE4F02A7233C300A43822 /* ChatGPTAPIService.swift */,
				5898EFE72B4AA86100CA8467 /* ChatGPTServiceRequest.swift */,
			);
			path = APIService;
			sourceTree = "<group>";
		};
		5898F0212B4D126C00CA8467 /* Helper+Conversation */ = {
			isa = PBXGroup;
			children = (
				58366E1E2A723A0F00052735 /* ConversationList.swift */,
				58CFE4F62A7233C300A43822 /* MessageView.swift */,
				5811FDFC2A72779D003AB0C0 /* MessageInput.swift */,
			);
			name = "Helper+Conversation";
			sourceTree = "<group>";
		};
		58FE3CCD2A9EB0FF00CAE55E /* CoreDataProperties */ = {
			isa = PBXGroup;
			children = (
				58FE3CC72A9EA7AE00CAE55E /* MessageEntity+CoreDataClass.swift */,
				58FE3CC82A9EA7AE00CAE55E /* MessageEntity+CoreDataProperties.swift */,
				58FE3CC12A9EA78300CAE55E /* ConversationEntity+CoreDataClass.swift */,
				58FE3CC22A9EA78300CAE55E /* ConversationEntity+CoreDataProperties.swift */,
			);
			path = CoreDataProperties;
			sourceTree = "<group>";
		};
/* End PBXGroup section */

/* Begin PBXNativeTarget section */
		58102EE82A44FC1F00C52BD4 /* OwnGpt */ = {
			isa = PBXNativeTarget;
			buildConfigurationList = 58102F0D2A44FC2000C52BD4 /* Build configuration list for PBXNativeTarget "OwnGpt" */;
			buildPhases = (
				58102EE52A44FC1F00C52BD4 /* Sources */,
				58102EE62A44FC1F00C52BD4 /* Frameworks */,
				58102EE72A44FC1F00C52BD4 /* Resources */,
			);
			buildRules = (
			);
			dependencies = (
			);
			name = OwnGpt;
			productName = OwnGpt;
			productReference = 58102EE92A44FC1F00C52BD4 /* OwnGpt.app */;
			productType = "com.apple.product-type.application";
		};
		58102EF82A44FC2000C52BD4 /* OwnGptTests */ = {
			isa = PBXNativeTarget;
			buildConfigurationList = 58102F102A44FC2000C52BD4 /* Build configuration list for PBXNativeTarget "OwnGptTests" */;
			buildPhases = (
				58102EF52A44FC2000C52BD4 /* Sources */,
				58102EF62A44FC2000C52BD4 /* Frameworks */,
				58102EF72A44FC2000C52BD4 /* Resources */,
			);
			buildRules = (
			);
			dependencies = (
				58102EFB2A44FC2000C52BD4 /* PBXTargetDependency */,
			);
			name = OwnGptTests;
			productName = OwnGptTests;
			productReference = 58102EF92A44FC2000C52BD4 /* OwnGptTests.xctest */;
			productType = "com.apple.product-type.bundle.unit-test";
		};
		58102F022A44FC2000C52BD4 /* OwnGptUITests */ = {
			isa = PBXNativeTarget;
			buildConfigurationList = 58102F132A44FC2000C52BD4 /* Build configuration list for PBXNativeTarget "OwnGptUITests" */;
			buildPhases = (
				58102EFF2A44FC2000C52BD4 /* Sources */,
				58102F002A44FC2000C52BD4 /* Frameworks */,
				58102F012A44FC2000C52BD4 /* Resources */,
			);
			buildRules = (
			);
			dependencies = (
				58102F052A44FC2000C52BD4 /* PBXTargetDependency */,
			);
			name = OwnGptUITests;
			productName = OwnGptUITests;
			productReference = 58102F032A44FC2000C52BD4 /* OwnGptUITests.xctest */;
			productType = "com.apple.product-type.bundle.ui-testing";
		};
		588F1FF52A6F4D7C002FEC2B /* OwnGptWatchApp Watch App */ = {
			isa = PBXNativeTarget;
			buildConfigurationList = 588F201A2A6F4D7F002FEC2B /* Build configuration list for PBXNativeTarget "OwnGptWatchApp Watch App" */;
			buildPhases = (
				588F1FF22A6F4D7C002FEC2B /* Sources */,
				588F1FF32A6F4D7C002FEC2B /* Frameworks */,
				588F1FF42A6F4D7C002FEC2B /* Resources */,
			);
			buildRules = (
			);
			dependencies = (
			);
			name = "OwnGptWatchApp Watch App";
			productName = "OwnGptWatchApp Watch App";
			productReference = 588F1FF62A6F4D7C002FEC2B /* OwnGptWatchApp Watch App.app */;
			productType = "com.apple.product-type.application";
		};
		588F20072A6F4D7F002FEC2B /* OwnGptWatchApp Watch AppTests */ = {
			isa = PBXNativeTarget;
			buildConfigurationList = 588F20212A6F4D7F002FEC2B /* Build configuration list for PBXNativeTarget "OwnGptWatchApp Watch AppTests" */;
			buildPhases = (
				588F20042A6F4D7F002FEC2B /* Sources */,
				588F20052A6F4D7F002FEC2B /* Frameworks */,
				588F20062A6F4D7F002FEC2B /* Resources */,
			);
			buildRules = (
			);
			dependencies = (
				588F200A2A6F4D7F002FEC2B /* PBXTargetDependency */,
			);
			name = "OwnGptWatchApp Watch AppTests";
			productName = "OwnGptWatchApp Watch AppTests";
			productReference = 588F20082A6F4D7F002FEC2B /* OwnGptWatchApp Watch AppTests.xctest */;
			productType = "com.apple.product-type.bundle.unit-test";
		};
		588F20112A6F4D7F002FEC2B /* OwnGptWatchApp Watch AppUITests */ = {
			isa = PBXNativeTarget;
			buildConfigurationList = 588F20242A6F4D7F002FEC2B /* Build configuration list for PBXNativeTarget "OwnGptWatchApp Watch AppUITests" */;
			buildPhases = (
				588F200E2A6F4D7F002FEC2B /* Sources */,
				588F200F2A6F4D7F002FEC2B /* Frameworks */,
				588F20102A6F4D7F002FEC2B /* Resources */,
			);
			buildRules = (
			);
			dependencies = (
				588F20142A6F4D7F002FEC2B /* PBXTargetDependency */,
			);
			name = "OwnGptWatchApp Watch AppUITests";
			productName = "OwnGptWatchApp Watch AppUITests";
			productReference = 588F20122A6F4D7F002FEC2B /* OwnGptWatchApp Watch AppUITests.xctest */;
			productType = "com.apple.product-type.bundle.ui-testing";
		};
/* End PBXNativeTarget section */

/* Begin PBXProject section */
		58102EE12A44FC1F00C52BD4 /* Project object */ = {
			isa = PBXProject;
			attributes = {
				BuildIndependentTargetsInParallel = 1;
				LastSwiftUpdateCheck = 1500;
				LastUpgradeCheck = 1500;
				TargetAttributes = {
					58102EE82A44FC1F00C52BD4 = {
						CreatedOnToolsVersion = 15.0;
					};
					58102EF82A44FC2000C52BD4 = {
						CreatedOnToolsVersion = 15.0;
						TestTargetID = 58102EE82A44FC1F00C52BD4;
					};
					58102F022A44FC2000C52BD4 = {
						CreatedOnToolsVersion = 15.0;
						TestTargetID = 58102EE82A44FC1F00C52BD4;
					};
					588F1FF52A6F4D7C002FEC2B = {
						CreatedOnToolsVersion = 15.0;
					};
					588F20072A6F4D7F002FEC2B = {
						CreatedOnToolsVersion = 15.0;
						TestTargetID = 588F1FF52A6F4D7C002FEC2B;
					};
					588F20112A6F4D7F002FEC2B = {
						CreatedOnToolsVersion = 15.0;
						TestTargetID = 588F1FF52A6F4D7C002FEC2B;
					};
				};
			};
			buildConfigurationList = 58102EE42A44FC1F00C52BD4 /* Build configuration list for PBXProject "OwnGpt" */;
			compatibilityVersion = "Xcode 14.0";
			developmentRegion = en;
			hasScannedForEncodings = 0;
			knownRegions = (
				en,
				Base,
			);
			mainGroup = 58102EE02A44FC1F00C52BD4;
			productRefGroup = 58102EEA2A44FC1F00C52BD4 /* Products */;
			projectDirPath = "";
			projectRoot = "";
			targets = (
				58102EE82A44FC1F00C52BD4 /* OwnGpt */,
				58102EF82A44FC2000C52BD4 /* OwnGptTests */,
				58102F022A44FC2000C52BD4 /* OwnGptUITests */,
				588F1FF52A6F4D7C002FEC2B /* OwnGptWatchApp Watch App */,
				588F20072A6F4D7F002FEC2B /* OwnGptWatchApp Watch AppTests */,
				588F20112A6F4D7F002FEC2B /* OwnGptWatchApp Watch AppUITests */,
			);
		};
/* End PBXProject section */

/* Begin PBXResourcesBuildPhase section */
		58102EE72A44FC1F00C52BD4 /* Resources */ = {
			isa = PBXResourcesBuildPhase;
			buildActionMask = 2147483647;
			files = (
				58102EF42A44FC2000C52BD4 /* Preview Assets.xcassets in Resources */,
				58102EF12A44FC2000C52BD4 /* Assets.xcassets in Resources */,
			);
			runOnlyForDeploymentPostprocessing = 0;
		};
		58102EF72A44FC2000C52BD4 /* Resources */ = {
			isa = PBXResourcesBuildPhase;
			buildActionMask = 2147483647;
			files = (
			);
			runOnlyForDeploymentPostprocessing = 0;
		};
		58102F012A44FC2000C52BD4 /* Resources */ = {
			isa = PBXResourcesBuildPhase;
			buildActionMask = 2147483647;
			files = (
			);
			runOnlyForDeploymentPostprocessing = 0;
		};
		588F1FF42A6F4D7C002FEC2B /* Resources */ = {
			isa = PBXResourcesBuildPhase;
			buildActionMask = 2147483647;
			files = (
				588F20032A6F4D7F002FEC2B /* Preview Assets.xcassets in Resources */,
				588F20002A6F4D7F002FEC2B /* Assets.xcassets in Resources */,
			);
			runOnlyForDeploymentPostprocessing = 0;
		};
		588F20062A6F4D7F002FEC2B /* Resources */ = {
			isa = PBXResourcesBuildPhase;
			buildActionMask = 2147483647;
			files = (
			);
			runOnlyForDeploymentPostprocessing = 0;
		};
		588F20102A6F4D7F002FEC2B /* Resources */ = {
			isa = PBXResourcesBuildPhase;
			buildActionMask = 2147483647;
			files = (
			);
			runOnlyForDeploymentPostprocessing = 0;
		};
/* End PBXResourcesBuildPhase section */

/* Begin PBXSourcesBuildPhase section */
		58102EE52A44FC1F00C52BD4 /* Sources */ = {
			isa = PBXSourcesBuildPhase;
			buildActionMask = 2147483647;
			files = (
				58464FF82B2343B200C1BA7F /* Constants.swift in Sources */,
				58FE3CCF2AA11E4900CAE55E /* ConversationStore.swift in Sources */,
				5817C0942A90474B005EEDC9 /* PersistenceController.swift in Sources */,
				585A04822B255A2B003A1392 /* ConversationRepository.swift in Sources */,
				58B9A5E12A8F04BE008BCF7C /* ConversationsViewModel.swift in Sources */,
				589077C82B4A3BB8009C9AEB /* DataParser.swift in Sources */,
				584231452B1A8B03009F1C46 /* ConversationPersistenceService.swift in Sources */,
				58464FFC2B23463C00C1BA7F /* ChatView.swift in Sources */,
				58464FFF2B23464800C1BA7F /* ChatViewModel.swift in Sources */,
				5880C3012B2612C5006020E7 /* ConversationsStore.swift in Sources */,
				58B6A20A2A74F7DD00F5D309 /* ConversationsView.swift in Sources */,
				5846500D2B24A0E100C1BA7F /* Extension+String.swift in Sources */,
				58FE3CC32A9EA78300CAE55E /* ConversationEntity+CoreDataClass.swift in Sources */,
				5842313E2B1971A1009F1C46 /* DotLoadingView.swift in Sources */,
				5811FDFF2A727840003AB0C0 /* MessageInput.swift in Sources */,
				5879312B2B294D89002E8DB9 /* Core.swift in Sources */,
				584231532B1AD4D0009F1C46 /* DotView.swift in Sources */,
				58FE3CC52A9EA78300CAE55E /* ConversationEntity+CoreDataProperties.swift in Sources */,
				58CFE5022A7233C300A43822 /* ChatGPTAPIService.swift in Sources */,
				58CFE5002A7233C300A43822 /* Message.swift in Sources */,
				58FE3CC92A9EA7AE00CAE55E /* MessageEntity+CoreDataClass.swift in Sources */,
				58FE3CCB2A9EA7AE00CAE55E /* MessageEntity+CoreDataProperties.swift in Sources */,
				581996742A944D3800CAD76C /* ConversationModel.xcdatamodeld in Sources */,
				5898EFE82B4AA86100CA8467 /* ChatGPTServiceRequest.swift in Sources */,
				589077BF2B4A25A5009C9AEB /* NetworkService.swift in Sources */,
				589077C22B4A36E9009C9AEB /* HTTPRequestType.swift in Sources */,
				58C61FAD2B2A907D003DF413 /* Router.swift in Sources */,
				5880C3042B26C04F006020E7 /* Extension+NSManagedObjectContext.swift in Sources */,
				58366E1F2A723A0F00052735 /* ConversationList.swift in Sources */,
				58CFE4FE2A7233C300A43822 /* ConversationViewModel.swift in Sources */,
				58CFE5072A7233EC00A43822 /* OpenAiModels.swift in Sources */,
				58FE3CB32A9D6DE800CAE55E /* Conversation.swift in Sources */,
				5846500A2B24A0BB00C1BA7F /* Extension+Color.swift in Sources */,
				58102EED2A44FC1F00C52BD4 /* OwnGptApp.swift in Sources */,
				58CFE5042A7233C300A43822 /* ConversationView.swift in Sources */,
				589077C52B4A3729009C9AEB /* HTTPRequest.swift in Sources */,
				58CFE4FA2A7233C300A43822 /* MessageView.swift in Sources */,
				5842313B2B19713C009F1C46 /* OvalTextFieldStyle.swift in Sources */,
			);
			runOnlyForDeploymentPostprocessing = 0;
		};
		58102EF52A44FC2000C52BD4 /* Sources */ = {
			isa = PBXSourcesBuildPhase;
			buildActionMask = 2147483647;
			files = (
				58102EFE2A44FC2000C52BD4 /* OwnGptTests.swift in Sources */,
			);
			runOnlyForDeploymentPostprocessing = 0;
		};
		58102EFF2A44FC2000C52BD4 /* Sources */ = {
			isa = PBXSourcesBuildPhase;
			buildActionMask = 2147483647;
			files = (
				58102F082A44FC2000C52BD4 /* OwnGptUITests.swift in Sources */,
				58102F0A2A44FC2000C52BD4 /* OwnGptUITestsLaunchTests.swift in Sources */,
			);
			runOnlyForDeploymentPostprocessing = 0;
		};
		588F1FF22A6F4D7C002FEC2B /* Sources */ = {
			isa = PBXSourcesBuildPhase;
			buildActionMask = 2147483647;
			files = (
				5898EFE92B4AA86100CA8467 /* ChatGPTServiceRequest.swift in Sources */,
				58464FF92B2343B200C1BA7F /* Constants.swift in Sources */,
				5846500B2B24A0BB00C1BA7F /* Extension+Color.swift in Sources */,
				589077C92B4A3BB8009C9AEB /* DataParser.swift in Sources */,
				58FE3CCC2A9EA7AE00CAE55E /* MessageEntity+CoreDataProperties.swift in Sources */,
				58CFE5012A7233C300A43822 /* ChatGPTAPIService.swift in Sources */,
				58FE3CB42A9D6DE800CAE55E /* Conversation.swift in Sources */,
				58FE3CC62A9EA78300CAE55E /* ConversationEntity+CoreDataProperties.swift in Sources */,
				589077C62B4A3729009C9AEB /* HTTPRequest.swift in Sources */,
				588F1FFC2A6F4D7C002FEC2B /* OwnGptWatchApp.swift in Sources */,
				5846500E2B24A0E100C1BA7F /* Extension+String.swift in Sources */,
				5880C3022B2612C5006020E7 /* ConversationsStore.swift in Sources */,
				5880C3052B26C04F006020E7 /* Extension+NSManagedObjectContext.swift in Sources */,
				58CFE4FF2A7233C300A43822 /* Message.swift in Sources */,
				58CFE5062A7233EC00A43822 /* OpenAiModels.swift in Sources */,
				5842313C2B19713C009F1C46 /* OvalTextFieldStyle.swift in Sources */,
				589077C02B4A25A5009C9AEB /* NetworkService.swift in Sources */,
				589077C32B4A36E9009C9AEB /* HTTPRequestType.swift in Sources */,
				585A04832B255A2B003A1392 /* ConversationRepository.swift in Sources */,
				5842313F2B1971A1009F1C46 /* DotLoadingView.swift in Sources */,
				584231542B1AD4D0009F1C46 /* DotView.swift in Sources */,
				588F20332A70AADE002FEC2B /* WatchOSView.swift in Sources */,
				58FE3CCA2A9EA7AE00CAE55E /* MessageEntity+CoreDataClass.swift in Sources */,
				58FE3CC42A9EA78300CAE55E /* ConversationEntity+CoreDataClass.swift in Sources */,
				58FE3CD02AA11E4900CAE55E /* ConversationStore.swift in Sources */,
			);
			runOnlyForDeploymentPostprocessing = 0;
		};
		588F20042A6F4D7F002FEC2B /* Sources */ = {
			isa = PBXSourcesBuildPhase;
			buildActionMask = 2147483647;
			files = (
				588F200D2A6F4D7F002FEC2B /* OwnGptWatchApp_Watch_AppTests.swift in Sources */,
			);
			runOnlyForDeploymentPostprocessing = 0;
		};
		588F200E2A6F4D7F002FEC2B /* Sources */ = {
			isa = PBXSourcesBuildPhase;
			buildActionMask = 2147483647;
			files = (
				588F20172A6F4D7F002FEC2B /* OwnGptWatchApp_Watch_AppUITests.swift in Sources */,
				588F20192A6F4D7F002FEC2B /* OwnGptWatchApp_Watch_AppUITestsLaunchTests.swift in Sources */,
			);
			runOnlyForDeploymentPostprocessing = 0;
		};
/* End PBXSourcesBuildPhase section */

/* Begin PBXTargetDependency section */
		58102EFB2A44FC2000C52BD4 /* PBXTargetDependency */ = {
			isa = PBXTargetDependency;
			target = 58102EE82A44FC1F00C52BD4 /* OwnGpt */;
			targetProxy = 58102EFA2A44FC2000C52BD4 /* PBXContainerItemProxy */;
		};
		58102F052A44FC2000C52BD4 /* PBXTargetDependency */ = {
			isa = PBXTargetDependency;
			target = 58102EE82A44FC1F00C52BD4 /* OwnGpt */;
			targetProxy = 58102F042A44FC2000C52BD4 /* PBXContainerItemProxy */;
		};
		588F200A2A6F4D7F002FEC2B /* PBXTargetDependency */ = {
			isa = PBXTargetDependency;
			target = 588F1FF52A6F4D7C002FEC2B /* OwnGptWatchApp Watch App */;
			targetProxy = 588F20092A6F4D7F002FEC2B /* PBXContainerItemProxy */;
		};
		588F20142A6F4D7F002FEC2B /* PBXTargetDependency */ = {
			isa = PBXTargetDependency;
			target = 588F1FF52A6F4D7C002FEC2B /* OwnGptWatchApp Watch App */;
			targetProxy = 588F20132A6F4D7F002FEC2B /* PBXContainerItemProxy */;
		};
/* End PBXTargetDependency section */

/* Begin XCBuildConfiguration section */
		58102F0B2A44FC2000C52BD4 /* Debug */ = {
			isa = XCBuildConfiguration;
			buildSettings = {
				ALWAYS_SEARCH_USER_PATHS = NO;
				ASSETCATALOG_COMPILER_GENERATE_SWIFT_ASSET_SYMBOL_EXTENSIONS = YES;
				CLANG_ANALYZER_NONNULL = YES;
				CLANG_ANALYZER_NUMBER_OBJECT_CONVERSION = YES_AGGRESSIVE;
				CLANG_CXX_LANGUAGE_STANDARD = "gnu++20";
				CLANG_ENABLE_MODULES = YES;
				CLANG_ENABLE_OBJC_ARC = YES;
				CLANG_ENABLE_OBJC_WEAK = YES;
				CLANG_WARN_BLOCK_CAPTURE_AUTORELEASING = YES;
				CLANG_WARN_BOOL_CONVERSION = YES;
				CLANG_WARN_COMMA = YES;
				CLANG_WARN_CONSTANT_CONVERSION = YES;
				CLANG_WARN_DEPRECATED_OBJC_IMPLEMENTATIONS = YES;
				CLANG_WARN_DIRECT_OBJC_ISA_USAGE = YES_ERROR;
				CLANG_WARN_DOCUMENTATION_COMMENTS = YES;
				CLANG_WARN_EMPTY_BODY = YES;
				CLANG_WARN_ENUM_CONVERSION = YES;
				CLANG_WARN_INFINITE_RECURSION = YES;
				CLANG_WARN_INT_CONVERSION = YES;
				CLANG_WARN_NON_LITERAL_NULL_CONVERSION = YES;
				CLANG_WARN_OBJC_IMPLICIT_RETAIN_SELF = YES;
				CLANG_WARN_OBJC_LITERAL_CONVERSION = YES;
				CLANG_WARN_OBJC_ROOT_CLASS = YES_ERROR;
				CLANG_WARN_QUOTED_INCLUDE_IN_FRAMEWORK_HEADER = YES;
				CLANG_WARN_RANGE_LOOP_ANALYSIS = YES;
				CLANG_WARN_STRICT_PROTOTYPES = YES;
				CLANG_WARN_SUSPICIOUS_MOVE = YES;
				CLANG_WARN_UNGUARDED_AVAILABILITY = YES_AGGRESSIVE;
				CLANG_WARN_UNREACHABLE_CODE = YES;
				CLANG_WARN__DUPLICATE_METHOD_MATCH = YES;
				COPY_PHASE_STRIP = NO;
				DEBUG_INFORMATION_FORMAT = dwarf;
				ENABLE_STRICT_OBJC_MSGSEND = YES;
				ENABLE_TESTABILITY = YES;
				ENABLE_USER_SCRIPT_SANDBOXING = YES;
				GCC_C_LANGUAGE_STANDARD = gnu17;
				GCC_DYNAMIC_NO_PIC = NO;
				GCC_NO_COMMON_BLOCKS = YES;
				GCC_OPTIMIZATION_LEVEL = 0;
				GCC_PREPROCESSOR_DEFINITIONS = (
					"DEBUG=1",
					"$(inherited)",
				);
				GCC_WARN_64_TO_32_BIT_CONVERSION = YES;
				GCC_WARN_ABOUT_RETURN_TYPE = YES_ERROR;
				GCC_WARN_UNDECLARED_SELECTOR = YES;
				GCC_WARN_UNINITIALIZED_AUTOS = YES_AGGRESSIVE;
				GCC_WARN_UNUSED_FUNCTION = YES;
				GCC_WARN_UNUSED_VARIABLE = YES;
				IPHONEOS_DEPLOYMENT_TARGET = 17.0;
				LOCALIZATION_PREFERS_STRING_CATALOGS = YES;
				MTL_ENABLE_DEBUG_INFO = INCLUDE_SOURCE;
				MTL_FAST_MATH = YES;
				ONLY_ACTIVE_ARCH = YES;
				SDKROOT = iphoneos;
				SWIFT_ACTIVE_COMPILATION_CONDITIONS = "DEBUG $(inherited)";
				SWIFT_OPTIMIZATION_LEVEL = "-Onone";
				WATCHOS_DEPLOYMENT_TARGET = 10.0;
			};
			name = Debug;
		};
		58102F0C2A44FC2000C52BD4 /* Release */ = {
			isa = XCBuildConfiguration;
			buildSettings = {
				ALWAYS_SEARCH_USER_PATHS = NO;
				ASSETCATALOG_COMPILER_GENERATE_SWIFT_ASSET_SYMBOL_EXTENSIONS = YES;
				CLANG_ANALYZER_NONNULL = YES;
				CLANG_ANALYZER_NUMBER_OBJECT_CONVERSION = YES_AGGRESSIVE;
				CLANG_CXX_LANGUAGE_STANDARD = "gnu++20";
				CLANG_ENABLE_MODULES = YES;
				CLANG_ENABLE_OBJC_ARC = YES;
				CLANG_ENABLE_OBJC_WEAK = YES;
				CLANG_WARN_BLOCK_CAPTURE_AUTORELEASING = YES;
				CLANG_WARN_BOOL_CONVERSION = YES;
				CLANG_WARN_COMMA = YES;
				CLANG_WARN_CONSTANT_CONVERSION = YES;
				CLANG_WARN_DEPRECATED_OBJC_IMPLEMENTATIONS = YES;
				CLANG_WARN_DIRECT_OBJC_ISA_USAGE = YES_ERROR;
				CLANG_WARN_DOCUMENTATION_COMMENTS = YES;
				CLANG_WARN_EMPTY_BODY = YES;
				CLANG_WARN_ENUM_CONVERSION = YES;
				CLANG_WARN_INFINITE_RECURSION = YES;
				CLANG_WARN_INT_CONVERSION = YES;
				CLANG_WARN_NON_LITERAL_NULL_CONVERSION = YES;
				CLANG_WARN_OBJC_IMPLICIT_RETAIN_SELF = YES;
				CLANG_WARN_OBJC_LITERAL_CONVERSION = YES;
				CLANG_WARN_OBJC_ROOT_CLASS = YES_ERROR;
				CLANG_WARN_QUOTED_INCLUDE_IN_FRAMEWORK_HEADER = YES;
				CLANG_WARN_RANGE_LOOP_ANALYSIS = YES;
				CLANG_WARN_STRICT_PROTOTYPES = YES;
				CLANG_WARN_SUSPICIOUS_MOVE = YES;
				CLANG_WARN_UNGUARDED_AVAILABILITY = YES_AGGRESSIVE;
				CLANG_WARN_UNREACHABLE_CODE = YES;
				CLANG_WARN__DUPLICATE_METHOD_MATCH = YES;
				COPY_PHASE_STRIP = NO;
				DEBUG_INFORMATION_FORMAT = "dwarf-with-dsym";
				ENABLE_NS_ASSERTIONS = NO;
				ENABLE_STRICT_OBJC_MSGSEND = YES;
				ENABLE_USER_SCRIPT_SANDBOXING = YES;
				GCC_C_LANGUAGE_STANDARD = gnu17;
				GCC_NO_COMMON_BLOCKS = YES;
				GCC_WARN_64_TO_32_BIT_CONVERSION = YES;
				GCC_WARN_ABOUT_RETURN_TYPE = YES_ERROR;
				GCC_WARN_UNDECLARED_SELECTOR = YES;
				GCC_WARN_UNINITIALIZED_AUTOS = YES_AGGRESSIVE;
				GCC_WARN_UNUSED_FUNCTION = YES;
				GCC_WARN_UNUSED_VARIABLE = YES;
				IPHONEOS_DEPLOYMENT_TARGET = 17.0;
				LOCALIZATION_PREFERS_STRING_CATALOGS = YES;
				MTL_ENABLE_DEBUG_INFO = NO;
				MTL_FAST_MATH = YES;
				SDKROOT = iphoneos;
				SWIFT_COMPILATION_MODE = wholemodule;
				VALIDATE_PRODUCT = YES;
				WATCHOS_DEPLOYMENT_TARGET = 10.0;
			};
			name = Release;
		};
		58102F0E2A44FC2000C52BD4 /* Debug */ = {
			isa = XCBuildConfiguration;
			buildSettings = {
				ASSETCATALOG_COMPILER_APPICON_NAME = AppIcon;
				ASSETCATALOG_COMPILER_GLOBAL_ACCENT_COLOR_NAME = AccentColor;
				CODE_SIGN_STYLE = Automatic;
				CURRENT_PROJECT_VERSION = 1;
				DEVELOPMENT_ASSET_PATHS = "\"OwnGpt/Preview Content\"";
				DEVELOPMENT_TEAM = EGCAKP6VK4;
				ENABLE_PREVIEWS = YES;
				GENERATE_INFOPLIST_FILE = YES;
				INFOPLIST_KEY_UIApplicationSceneManifest_Generation = YES;
				INFOPLIST_KEY_UIApplicationSupportsIndirectInputEvents = YES;
				INFOPLIST_KEY_UILaunchScreen_Generation = YES;
				INFOPLIST_KEY_UISupportedInterfaceOrientations_iPad = "UIInterfaceOrientationPortrait UIInterfaceOrientationPortraitUpsideDown UIInterfaceOrientationLandscapeLeft UIInterfaceOrientationLandscapeRight";
				INFOPLIST_KEY_UISupportedInterfaceOrientations_iPhone = "UIInterfaceOrientationPortrait UIInterfaceOrientationLandscapeLeft UIInterfaceOrientationLandscapeRight";
				LD_RUNPATH_SEARCH_PATHS = (
					"$(inherited)",
					"@executable_path/Frameworks",
				);
				MARKETING_VERSION = 1.0;
				PRODUCT_BUNDLE_IDENTIFIER = bishalw.OwnGpt;
				PRODUCT_NAME = "$(TARGET_NAME)";
				SWIFT_EMIT_LOC_STRINGS = YES;
				SWIFT_VERSION = 5.0;
				TARGETED_DEVICE_FAMILY = "1,2";
			};
			name = Debug;
		};
		58102F0F2A44FC2000C52BD4 /* Release */ = {
			isa = XCBuildConfiguration;
			buildSettings = {
				ASSETCATALOG_COMPILER_APPICON_NAME = AppIcon;
				ASSETCATALOG_COMPILER_GLOBAL_ACCENT_COLOR_NAME = AccentColor;
				CODE_SIGN_STYLE = Automatic;
				CURRENT_PROJECT_VERSION = 1;
				DEVELOPMENT_ASSET_PATHS = "\"OwnGpt/Preview Content\"";
				DEVELOPMENT_TEAM = EGCAKP6VK4;
				ENABLE_PREVIEWS = YES;
				GENERATE_INFOPLIST_FILE = YES;
				INFOPLIST_KEY_UIApplicationSceneManifest_Generation = YES;
				INFOPLIST_KEY_UIApplicationSupportsIndirectInputEvents = YES;
				INFOPLIST_KEY_UILaunchScreen_Generation = YES;
				INFOPLIST_KEY_UISupportedInterfaceOrientations_iPad = "UIInterfaceOrientationPortrait UIInterfaceOrientationPortraitUpsideDown UIInterfaceOrientationLandscapeLeft UIInterfaceOrientationLandscapeRight";
				INFOPLIST_KEY_UISupportedInterfaceOrientations_iPhone = "UIInterfaceOrientationPortrait UIInterfaceOrientationLandscapeLeft UIInterfaceOrientationLandscapeRight";
				LD_RUNPATH_SEARCH_PATHS = (
					"$(inherited)",
					"@executable_path/Frameworks",
				);
				MARKETING_VERSION = 1.0;
				PRODUCT_BUNDLE_IDENTIFIER = bishalw.OwnGpt;
				PRODUCT_NAME = "$(TARGET_NAME)";
				SWIFT_EMIT_LOC_STRINGS = YES;
				SWIFT_VERSION = 5.0;
				TARGETED_DEVICE_FAMILY = "1,2";
			};
			name = Release;
		};
		58102F112A44FC2000C52BD4 /* Debug */ = {
			isa = XCBuildConfiguration;
			buildSettings = {
				ALWAYS_EMBED_SWIFT_STANDARD_LIBRARIES = YES;
				BUNDLE_LOADER = "$(TEST_HOST)";
				CODE_SIGN_STYLE = Automatic;
				CURRENT_PROJECT_VERSION = 1;
				DEVELOPMENT_TEAM = EGCAKP6VK4;
				GENERATE_INFOPLIST_FILE = YES;
				IPHONEOS_DEPLOYMENT_TARGET = 17.0;
				MARKETING_VERSION = 1.0;
				PRODUCT_BUNDLE_IDENTIFIER = bishalw.OwnGptTests;
				PRODUCT_NAME = "$(TARGET_NAME)";
				SWIFT_EMIT_LOC_STRINGS = NO;
				SWIFT_VERSION = 5.0;
				TARGETED_DEVICE_FAMILY = "1,2";
				TEST_HOST = "$(BUILT_PRODUCTS_DIR)/OwnGpt.app/$(BUNDLE_EXECUTABLE_FOLDER_PATH)/OwnGpt";
			};
			name = Debug;
		};
		58102F122A44FC2000C52BD4 /* Release */ = {
			isa = XCBuildConfiguration;
			buildSettings = {
				ALWAYS_EMBED_SWIFT_STANDARD_LIBRARIES = YES;
				BUNDLE_LOADER = "$(TEST_HOST)";
				CODE_SIGN_STYLE = Automatic;
				CURRENT_PROJECT_VERSION = 1;
				DEVELOPMENT_TEAM = EGCAKP6VK4;
				GENERATE_INFOPLIST_FILE = YES;
				IPHONEOS_DEPLOYMENT_TARGET = 17.0;
				MARKETING_VERSION = 1.0;
				PRODUCT_BUNDLE_IDENTIFIER = bishalw.OwnGptTests;
				PRODUCT_NAME = "$(TARGET_NAME)";
				SWIFT_EMIT_LOC_STRINGS = NO;
				SWIFT_VERSION = 5.0;
				TARGETED_DEVICE_FAMILY = "1,2";
				TEST_HOST = "$(BUILT_PRODUCTS_DIR)/OwnGpt.app/$(BUNDLE_EXECUTABLE_FOLDER_PATH)/OwnGpt";
			};
			name = Release;
		};
		58102F142A44FC2000C52BD4 /* Debug */ = {
			isa = XCBuildConfiguration;
			buildSettings = {
				ALWAYS_EMBED_SWIFT_STANDARD_LIBRARIES = YES;
				CODE_SIGN_STYLE = Automatic;
				CURRENT_PROJECT_VERSION = 1;
				DEVELOPMENT_TEAM = EGCAKP6VK4;
				GENERATE_INFOPLIST_FILE = YES;
				MARKETING_VERSION = 1.0;
				PRODUCT_BUNDLE_IDENTIFIER = bishalw.OwnGptUITests;
				PRODUCT_NAME = "$(TARGET_NAME)";
				SWIFT_EMIT_LOC_STRINGS = NO;
				SWIFT_VERSION = 5.0;
				TARGETED_DEVICE_FAMILY = "1,2";
				TEST_TARGET_NAME = OwnGpt;
			};
			name = Debug;
		};
		58102F152A44FC2000C52BD4 /* Release */ = {
			isa = XCBuildConfiguration;
			buildSettings = {
				ALWAYS_EMBED_SWIFT_STANDARD_LIBRARIES = YES;
				CODE_SIGN_STYLE = Automatic;
				CURRENT_PROJECT_VERSION = 1;
				DEVELOPMENT_TEAM = EGCAKP6VK4;
				GENERATE_INFOPLIST_FILE = YES;
				MARKETING_VERSION = 1.0;
				PRODUCT_BUNDLE_IDENTIFIER = bishalw.OwnGptUITests;
				PRODUCT_NAME = "$(TARGET_NAME)";
				SWIFT_EMIT_LOC_STRINGS = NO;
				SWIFT_VERSION = 5.0;
				TARGETED_DEVICE_FAMILY = "1,2";
				TEST_TARGET_NAME = OwnGpt;
			};
			name = Release;
		};
		588F201B2A6F4D7F002FEC2B /* Debug */ = {
			isa = XCBuildConfiguration;
			buildSettings = {
				ASSETCATALOG_COMPILER_APPICON_NAME = AppIcon;
				ASSETCATALOG_COMPILER_GLOBAL_ACCENT_COLOR_NAME = AccentColor;
				CODE_SIGN_STYLE = Automatic;
				CURRENT_PROJECT_VERSION = 1;
				DEVELOPMENT_ASSET_PATHS = "\"OwnGptWatchApp Watch App/Preview Content\"";
				DEVELOPMENT_TEAM = EGCAKP6VK4;
				ENABLE_PREVIEWS = YES;
				GENERATE_INFOPLIST_FILE = YES;
				INFOPLIST_KEY_CFBundleDisplayName = OwnGptWatchApp;
				INFOPLIST_KEY_UISupportedInterfaceOrientations = "UIInterfaceOrientationPortrait UIInterfaceOrientationPortraitUpsideDown";
				INFOPLIST_KEY_WKWatchOnly = YES;
				LD_RUNPATH_SEARCH_PATHS = (
					"$(inherited)",
					"@executable_path/Frameworks",
				);
				MARKETING_VERSION = 1.0;
				PRODUCT_BUNDLE_IDENTIFIER = bishalw.OwnGptWatchApp.watchkitapp;
				PRODUCT_NAME = "$(TARGET_NAME)";
				SDKROOT = watchos;
				SKIP_INSTALL = YES;
				SWIFT_EMIT_LOC_STRINGS = YES;
				SWIFT_VERSION = 5.0;
				TARGETED_DEVICE_FAMILY = 4;
				WATCHOS_DEPLOYMENT_TARGET = 10.0;
			};
			name = Debug;
		};
		588F201C2A6F4D7F002FEC2B /* Release */ = {
			isa = XCBuildConfiguration;
			buildSettings = {
				ASSETCATALOG_COMPILER_APPICON_NAME = AppIcon;
				ASSETCATALOG_COMPILER_GLOBAL_ACCENT_COLOR_NAME = AccentColor;
				CODE_SIGN_STYLE = Automatic;
				CURRENT_PROJECT_VERSION = 1;
				DEVELOPMENT_ASSET_PATHS = "\"OwnGptWatchApp Watch App/Preview Content\"";
				DEVELOPMENT_TEAM = EGCAKP6VK4;
				ENABLE_PREVIEWS = YES;
				GENERATE_INFOPLIST_FILE = YES;
				INFOPLIST_KEY_CFBundleDisplayName = OwnGptWatchApp;
				INFOPLIST_KEY_UISupportedInterfaceOrientations = "UIInterfaceOrientationPortrait UIInterfaceOrientationPortraitUpsideDown";
				INFOPLIST_KEY_WKWatchOnly = YES;
				LD_RUNPATH_SEARCH_PATHS = (
					"$(inherited)",
					"@executable_path/Frameworks",
				);
				MARKETING_VERSION = 1.0;
				PRODUCT_BUNDLE_IDENTIFIER = bishalw.OwnGptWatchApp.watchkitapp;
				PRODUCT_NAME = "$(TARGET_NAME)";
				SDKROOT = watchos;
				SKIP_INSTALL = YES;
				SWIFT_EMIT_LOC_STRINGS = YES;
				SWIFT_VERSION = 5.0;
				TARGETED_DEVICE_FAMILY = 4;
				WATCHOS_DEPLOYMENT_TARGET = 10.0;
			};
			name = Release;
		};
		588F20222A6F4D7F002FEC2B /* Debug */ = {
			isa = XCBuildConfiguration;
			buildSettings = {
				ALWAYS_EMBED_SWIFT_STANDARD_LIBRARIES = YES;
				BUNDLE_LOADER = "$(TEST_HOST)";
				CODE_SIGN_STYLE = Automatic;
				CURRENT_PROJECT_VERSION = 1;
				DEVELOPMENT_TEAM = EGCAKP6VK4;
				GENERATE_INFOPLIST_FILE = YES;
				MARKETING_VERSION = 1.0;
				PRODUCT_BUNDLE_IDENTIFIER = "bishalw.OwnGptWatchApp-Watch-AppTests";
				PRODUCT_NAME = "$(TARGET_NAME)";
				SDKROOT = watchos;
				SWIFT_EMIT_LOC_STRINGS = NO;
				SWIFT_VERSION = 5.0;
				TARGETED_DEVICE_FAMILY = 4;
				TEST_HOST = "$(BUILT_PRODUCTS_DIR)/OwnGptWatchApp Watch App.app/$(BUNDLE_EXECUTABLE_FOLDER_PATH)/OwnGptWatchApp Watch App";
				WATCHOS_DEPLOYMENT_TARGET = 10.0;
			};
			name = Debug;
		};
		588F20232A6F4D7F002FEC2B /* Release */ = {
			isa = XCBuildConfiguration;
			buildSettings = {
				ALWAYS_EMBED_SWIFT_STANDARD_LIBRARIES = YES;
				BUNDLE_LOADER = "$(TEST_HOST)";
				CODE_SIGN_STYLE = Automatic;
				CURRENT_PROJECT_VERSION = 1;
				DEVELOPMENT_TEAM = EGCAKP6VK4;
				GENERATE_INFOPLIST_FILE = YES;
				MARKETING_VERSION = 1.0;
				PRODUCT_BUNDLE_IDENTIFIER = "bishalw.OwnGptWatchApp-Watch-AppTests";
				PRODUCT_NAME = "$(TARGET_NAME)";
				SDKROOT = watchos;
				SWIFT_EMIT_LOC_STRINGS = NO;
				SWIFT_VERSION = 5.0;
				TARGETED_DEVICE_FAMILY = 4;
				TEST_HOST = "$(BUILT_PRODUCTS_DIR)/OwnGptWatchApp Watch App.app/$(BUNDLE_EXECUTABLE_FOLDER_PATH)/OwnGptWatchApp Watch App";
				WATCHOS_DEPLOYMENT_TARGET = 10.0;
			};
			name = Release;
		};
		588F20252A6F4D7F002FEC2B /* Debug */ = {
			isa = XCBuildConfiguration;
			buildSettings = {
				ALWAYS_EMBED_SWIFT_STANDARD_LIBRARIES = YES;
				CODE_SIGN_STYLE = Automatic;
				CURRENT_PROJECT_VERSION = 1;
				DEVELOPMENT_TEAM = EGCAKP6VK4;
				GENERATE_INFOPLIST_FILE = YES;
				MARKETING_VERSION = 1.0;
				PRODUCT_BUNDLE_IDENTIFIER = "bishalw.OwnGptWatchApp-Watch-AppUITests";
				PRODUCT_NAME = "$(TARGET_NAME)";
				SDKROOT = watchos;
				SWIFT_EMIT_LOC_STRINGS = NO;
				SWIFT_VERSION = 5.0;
				TARGETED_DEVICE_FAMILY = 4;
				TEST_TARGET_NAME = "OwnGptWatchApp Watch App";
				WATCHOS_DEPLOYMENT_TARGET = 10.0;
			};
			name = Debug;
		};
		588F20262A6F4D7F002FEC2B /* Release */ = {
			isa = XCBuildConfiguration;
			buildSettings = {
				ALWAYS_EMBED_SWIFT_STANDARD_LIBRARIES = YES;
				CODE_SIGN_STYLE = Automatic;
				CURRENT_PROJECT_VERSION = 1;
				DEVELOPMENT_TEAM = EGCAKP6VK4;
				GENERATE_INFOPLIST_FILE = YES;
				MARKETING_VERSION = 1.0;
				PRODUCT_BUNDLE_IDENTIFIER = "bishalw.OwnGptWatchApp-Watch-AppUITests";
				PRODUCT_NAME = "$(TARGET_NAME)";
				SDKROOT = watchos;
				SWIFT_EMIT_LOC_STRINGS = NO;
				SWIFT_VERSION = 5.0;
				TARGETED_DEVICE_FAMILY = 4;
				TEST_TARGET_NAME = "OwnGptWatchApp Watch App";
				WATCHOS_DEPLOYMENT_TARGET = 10.0;
			};
			name = Release;
		};
/* End XCBuildConfiguration section */

/* Begin XCConfigurationList section */
		58102EE42A44FC1F00C52BD4 /* Build configuration list for PBXProject "OwnGpt" */ = {
			isa = XCConfigurationList;
			buildConfigurations = (
				58102F0B2A44FC2000C52BD4 /* Debug */,
				58102F0C2A44FC2000C52BD4 /* Release */,
			);
			defaultConfigurationIsVisible = 0;
			defaultConfigurationName = Release;
		};
		58102F0D2A44FC2000C52BD4 /* Build configuration list for PBXNativeTarget "OwnGpt" */ = {
			isa = XCConfigurationList;
			buildConfigurations = (
				58102F0E2A44FC2000C52BD4 /* Debug */,
				58102F0F2A44FC2000C52BD4 /* Release */,
			);
			defaultConfigurationIsVisible = 0;
			defaultConfigurationName = Release;
		};
		58102F102A44FC2000C52BD4 /* Build configuration list for PBXNativeTarget "OwnGptTests" */ = {
			isa = XCConfigurationList;
			buildConfigurations = (
				58102F112A44FC2000C52BD4 /* Debug */,
				58102F122A44FC2000C52BD4 /* Release */,
			);
			defaultConfigurationIsVisible = 0;
			defaultConfigurationName = Release;
		};
		58102F132A44FC2000C52BD4 /* Build configuration list for PBXNativeTarget "OwnGptUITests" */ = {
			isa = XCConfigurationList;
			buildConfigurations = (
				58102F142A44FC2000C52BD4 /* Debug */,
				58102F152A44FC2000C52BD4 /* Release */,
			);
			defaultConfigurationIsVisible = 0;
			defaultConfigurationName = Release;
		};
		588F201A2A6F4D7F002FEC2B /* Build configuration list for PBXNativeTarget "OwnGptWatchApp Watch App" */ = {
			isa = XCConfigurationList;
			buildConfigurations = (
				588F201B2A6F4D7F002FEC2B /* Debug */,
				588F201C2A6F4D7F002FEC2B /* Release */,
			);
			defaultConfigurationIsVisible = 0;
			defaultConfigurationName = Release;
		};
		588F20212A6F4D7F002FEC2B /* Build configuration list for PBXNativeTarget "OwnGptWatchApp Watch AppTests" */ = {
			isa = XCConfigurationList;
			buildConfigurations = (
				588F20222A6F4D7F002FEC2B /* Debug */,
				588F20232A6F4D7F002FEC2B /* Release */,
			);
			defaultConfigurationIsVisible = 0;
			defaultConfigurationName = Release;
		};
		588F20242A6F4D7F002FEC2B /* Build configuration list for PBXNativeTarget "OwnGptWatchApp Watch AppUITests" */ = {
			isa = XCConfigurationList;
			buildConfigurations = (
				588F20252A6F4D7F002FEC2B /* Debug */,
				588F20262A6F4D7F002FEC2B /* Release */,
			);
			defaultConfigurationIsVisible = 0;
			defaultConfigurationName = Release;
		};
/* End XCConfigurationList section */

/* Begin XCVersionGroup section */
		581996722A944D3800CAD76C /* ConversationModel.xcdatamodeld */ = {
			isa = XCVersionGroup;
			children = (
				581996732A944D3800CAD76C /* ConversationModel.xcdatamodel */,
			);
			currentVersion = 581996732A944D3800CAD76C /* ConversationModel.xcdatamodel */;
			path = ConversationModel.xcdatamodeld;
			sourceTree = "<group>";
			versionGroupType = wrapper.xcdatamodel;
		};
/* End XCVersionGroup section */
	};
	rootObject = 58102EE12A44FC1F00C52BD4 /* Project object */;
}
